// !$*UTF8*$!
{
	archiveVersion = 1;
	classes = {
	};
	objectVersion = 46;
	objects = {

/* Begin PBXAggregateTarget section */
		29033E72EDF64D32B7E6C45B /* ALL_BUILD */ = {
			isa = PBXAggregateTarget;
			buildConfigurationList = 5E3F8F1BD78F4C4FB40BC00C /* Build configuration list for PBXAggregateTarget "ALL_BUILD" */;
			buildPhases = (
				A44677E6CECE4573831D8A1C /* CMake Rules */,
			);
			dependencies = (
				46A60A6F5DD2450280C95412 /* PBXTargetDependency */,
				64AA0FFF2EE74316B7A11C47 /* PBXTargetDependency */,
			);
			name = ALL_BUILD;
			productName = ALL_BUILD;
		};
		C9795425B0D84D6A9E119F7E /* ZERO_CHECK */ = {
			isa = PBXAggregateTarget;
			buildConfigurationList = 1B8CA7E55E03466C9EDC1908 /* Build configuration list for PBXAggregateTarget "ZERO_CHECK" */;
			buildPhases = (
				79E01106B806444999467F58 /* CMake Rules */,
			);
			dependencies = (
			);
			name = ZERO_CHECK;
			productName = ZERO_CHECK;
		};
/* End PBXAggregateTarget section */

/* Begin PBXBuildFile section */
		0911F2891DBD4C72A2D98699 /* /Users/Hellfeld/Documents/School/UCB/Research/Coded Aperature/Toy_Imager/HEMI_Sim/include/ActionInitialization.hh */ = {isa = PBXBuildFile; fileRef = 0568ADD9143040F9844A3CF1 /* /Users/Hellfeld/Documents/School/UCB/Research/Coded Aperature/Toy_Imager/HEMI_Sim/include/ActionInitialization.hh */; settings = {COMPILER_FLAGS = ""; }; };
		20E54CF145A34D79AF9A0580 /* /Users/Hellfeld/Documents/School/UCB/Research/Coded Aperature/Toy_Imager/HEMI_Sim/include/TrackingAction.hh */ = {isa = PBXBuildFile; fileRef = 53299B1AFB6E44E7BD9F8E53 /* /Users/Hellfeld/Documents/School/UCB/Research/Coded Aperature/Toy_Imager/HEMI_Sim/include/TrackingAction.hh */; settings = {COMPILER_FLAGS = ""; }; };
		3271C4A47B5041939288D1C1 /* /Users/Hellfeld/Documents/School/UCB/Research/Coded Aperature/Toy_Imager/HEMI_Sim/src/RunAction.cc */ = {isa = PBXBuildFile; fileRef = 046690C88D3F46F5A9B68A60 /* /Users/Hellfeld/Documents/School/UCB/Research/Coded Aperature/Toy_Imager/HEMI_Sim/src/RunAction.cc */; settings = {COMPILER_FLAGS = ""; }; };
		3BC5097D53AA4291B5F2D625 /* /Users/Hellfeld/Documents/School/UCB/Research/Coded Aperature/Toy_Imager/HEMI_Sim/include/StackingAction.hh */ = {isa = PBXBuildFile; fileRef = 8F4A2B3A5002464A875EF9AF /* /Users/Hellfeld/Documents/School/UCB/Research/Coded Aperature/Toy_Imager/HEMI_Sim/include/StackingAction.hh */; settings = {COMPILER_FLAGS = ""; }; };
		3EA50176CCE241828136C25A /* /Users/Hellfeld/Documents/School/UCB/Research/Coded Aperature/Toy_Imager/HEMI_Sim/src/PrimaryGeneratorActionMessenger.cc */ = {isa = PBXBuildFile; fileRef = CC20F18A82134B41B756EEB6 /* /Users/Hellfeld/Documents/School/UCB/Research/Coded Aperature/Toy_Imager/HEMI_Sim/src/PrimaryGeneratorActionMessenger.cc */; settings = {COMPILER_FLAGS = ""; }; };
		4218029065B24E9AB41C5D32 /* /Users/Hellfeld/Documents/School/UCB/Research/Coded Aperature/Toy_Imager/HEMI_Sim/include/SteppingAction.hh */ = {isa = PBXBuildFile; fileRef = D6BB185A6D3B4D57991B7E9D /* /Users/Hellfeld/Documents/School/UCB/Research/Coded Aperature/Toy_Imager/HEMI_Sim/include/SteppingAction.hh */; settings = {COMPILER_FLAGS = ""; }; };
		4E7B2097A3CC4FB7BB1999BC /* /Users/Hellfeld/Documents/School/UCB/Research/Coded Aperature/Toy_Imager/HEMI_Sim/include/PrimaryGeneratorAction.hh */ = {isa = PBXBuildFile; fileRef = 1429389E02294F689F79DE59 /* /Users/Hellfeld/Documents/School/UCB/Research/Coded Aperature/Toy_Imager/HEMI_Sim/include/PrimaryGeneratorAction.hh */; settings = {COMPILER_FLAGS = ""; }; };
		51F0BA66B5B849A4BE430807 /* /Users/Hellfeld/Documents/School/UCB/Research/Coded Aperature/Toy_Imager/HEMI_Sim/src/EventAction.cc */ = {isa = PBXBuildFile; fileRef = 96A2D797284C4F99B4AB8279 /* /Users/Hellfeld/Documents/School/UCB/Research/Coded Aperature/Toy_Imager/HEMI_Sim/src/EventAction.cc */; settings = {COMPILER_FLAGS = ""; }; };
		546C20542E274293949DC8B5 /* /Users/Hellfeld/Documents/School/UCB/Research/Coded Aperature/Toy_Imager/HEMI_Sim/src/PrimaryGeneratorAction.cc */ = {isa = PBXBuildFile; fileRef = 1A9F33B01E864D77942F8C35 /* /Users/Hellfeld/Documents/School/UCB/Research/Coded Aperature/Toy_Imager/HEMI_Sim/src/PrimaryGeneratorAction.cc */; settings = {COMPILER_FLAGS = ""; }; };
		653F161DE46344E092D7B104 /* /Users/Hellfeld/Documents/School/UCB/Research/Coded Aperature/Toy_Imager/HEMI_Sim/src/DetectorConstruction.cc */ = {isa = PBXBuildFile; fileRef = BB71AE7E2D87488A85C94154 /* /Users/Hellfeld/Documents/School/UCB/Research/Coded Aperature/Toy_Imager/HEMI_Sim/src/DetectorConstruction.cc */; settings = {COMPILER_FLAGS = ""; }; };
		6C55F96AC3BB4F509BA8C75E /* /Users/Hellfeld/Documents/School/UCB/Research/Coded Aperature/Toy_Imager/HEMI_Sim/CodedAperture.cc */ = {isa = PBXBuildFile; fileRef = FBEE695D050542C29DD7D395 /* /Users/Hellfeld/Documents/School/UCB/Research/Coded Aperature/Toy_Imager/HEMI_Sim/CodedAperture.cc */; settings = {COMPILER_FLAGS = ""; }; };
		6FCC014C4BD14F998985F9D3 /* /Users/Hellfeld/Documents/School/UCB/Research/Coded Aperature/Toy_Imager/HEMI_Sim/src/TrackingAction.cc */ = {isa = PBXBuildFile; fileRef = A1C776BA84E84524B6826D11 /* /Users/Hellfeld/Documents/School/UCB/Research/Coded Aperature/Toy_Imager/HEMI_Sim/src/TrackingAction.cc */; settings = {COMPILER_FLAGS = ""; }; };
		73146F397C5E49C7A294EA41 /* /Users/Hellfeld/Documents/School/UCB/Research/Coded Aperature/Toy_Imager/HEMI_Sim/include/DetectorConstruction.hh */ = {isa = PBXBuildFile; fileRef = 7AE24C0D7FF5466ABDFD388E /* /Users/Hellfeld/Documents/School/UCB/Research/Coded Aperature/Toy_Imager/HEMI_Sim/include/DetectorConstruction.hh */; settings = {COMPILER_FLAGS = ""; }; };
		907ED41F3A434E59BF4DE7DE /* /Users/Hellfeld/Documents/School/UCB/Research/Coded Aperature/Toy_Imager/HEMI_Sim/src/ActionInitialization.cc */ = {isa = PBXBuildFile; fileRef = F65EE678BFE14E90ACF7AC26 /* /Users/Hellfeld/Documents/School/UCB/Research/Coded Aperature/Toy_Imager/HEMI_Sim/src/ActionInitialization.cc */; settings = {COMPILER_FLAGS = ""; }; };
		99440BAC74E5421BAC5600A4 /* /Users/Hellfeld/Documents/School/UCB/Research/Coded Aperature/Toy_Imager/HEMI_Sim/src/PhysicsList.cc */ = {isa = PBXBuildFile; fileRef = 35559B8EE6F44359A13A6C52 /* /Users/Hellfeld/Documents/School/UCB/Research/Coded Aperature/Toy_Imager/HEMI_Sim/src/PhysicsList.cc */; settings = {COMPILER_FLAGS = ""; }; };
		9A570CD41D1F43B3A7BC920D /* /Users/Hellfeld/Documents/School/UCB/Research/Coded Aperature/Toy_Imager/HEMI_Sim/include/PhysicsList.hh */ = {isa = PBXBuildFile; fileRef = 4CEF9AFBDA2043C2A95A7BBC /* /Users/Hellfeld/Documents/School/UCB/Research/Coded Aperature/Toy_Imager/HEMI_Sim/include/PhysicsList.hh */; settings = {COMPILER_FLAGS = ""; }; };
		9B0835ED04824BB38B573843 /* /Users/Hellfeld/Documents/School/UCB/Research/Coded Aperature/Toy_Imager/HEMI_Sim/include/RunAction.hh */ = {isa = PBXBuildFile; fileRef = 204321EC2A954FA6BF5D56FE /* /Users/Hellfeld/Documents/School/UCB/Research/Coded Aperature/Toy_Imager/HEMI_Sim/include/RunAction.hh */; settings = {COMPILER_FLAGS = ""; }; };
		C7F60A4DD37048F99B6420F0 /* /Users/Hellfeld/Documents/School/UCB/Research/Coded Aperature/Toy_Imager/HEMI_Sim/src/StackingAction.cc */ = {isa = PBXBuildFile; fileRef = E1B3A860B8654F1BBEAEF8AF /* /Users/Hellfeld/Documents/School/UCB/Research/Coded Aperature/Toy_Imager/HEMI_Sim/src/StackingAction.cc */; settings = {COMPILER_FLAGS = ""; }; };
		CBE9E9835E55478BABC9ABD4 /* /Users/Hellfeld/Documents/School/UCB/Research/Coded Aperature/Toy_Imager/HEMI_Sim/CMakeLists.txt */ = {isa = PBXBuildFile; fileRef = 561B5039EBA34E9888EC7F32 /* /Users/Hellfeld/Documents/School/UCB/Research/Coded Aperature/Toy_Imager/HEMI_Sim/CMakeLists.txt */; settings = {COMPILER_FLAGS = ""; }; };
		D205F2FB27754C0CA8BE5752 /* /Users/Hellfeld/Documents/School/UCB/Research/Coded Aperature/Toy_Imager/HEMI_Sim/src/SteppingAction.cc */ = {isa = PBXBuildFile; fileRef = 330B5815A51342078B4715E6 /* /Users/Hellfeld/Documents/School/UCB/Research/Coded Aperature/Toy_Imager/HEMI_Sim/src/SteppingAction.cc */; settings = {COMPILER_FLAGS = ""; }; };
		EF399BA797994AC89BC82BFE /* /Users/Hellfeld/Documents/School/UCB/Research/Coded Aperature/Toy_Imager/HEMI_Sim/include/EventAction.hh */ = {isa = PBXBuildFile; fileRef = 12CBC31D19B244069A01E887 /* /Users/Hellfeld/Documents/School/UCB/Research/Coded Aperature/Toy_Imager/HEMI_Sim/include/EventAction.hh */; settings = {COMPILER_FLAGS = ""; }; };
		FE69307A4ACA4C2994E03178 /* /Users/Hellfeld/Documents/School/UCB/Research/Coded Aperature/Toy_Imager/HEMI_Sim/include/PrimaryGeneratorActionMessenger.hh */ = {isa = PBXBuildFile; fileRef = 980A1F204D57422D913F4F80 /* /Users/Hellfeld/Documents/School/UCB/Research/Coded Aperature/Toy_Imager/HEMI_Sim/include/PrimaryGeneratorActionMessenger.hh */; settings = {COMPILER_FLAGS = ""; }; };
/* End PBXBuildFile section */

/* Begin PBXBuildStyle section */
		6BD4365637C44390ACCD33BE /* RelWithDebInfo */ = {
			isa = PBXBuildStyle;
			buildSettings = {
				COPY_PHASE_STRIP = NO;
			};
			name = RelWithDebInfo;
		};
		77A3568D57124744A00CD0F1 /* MinSizeRel */ = {
			isa = PBXBuildStyle;
			buildSettings = {
				COPY_PHASE_STRIP = NO;
			};
			name = MinSizeRel;
		};
		D4680116838D467FA8371E2F = {
			isa = PBXBuildStyle;
		};
		DD81C1E26B46446391D99D68 /* Release */ = {
			isa = PBXBuildStyle;
			buildSettings = {
				COPY_PHASE_STRIP = NO;
			};
			name = Release;
		};
		E3ADF217E43C41629D76441F /* Debug */ = {
			isa = PBXBuildStyle;
			buildSettings = {
				COPY_PHASE_STRIP = NO;
			};
			name = Debug;
		};
/* End PBXBuildStyle section */

/* Begin PBXContainerItemProxy section */
		62556E6037DA42A78DB70647 /* PBXContainerItemProxy */ = {
			isa = PBXContainerItemProxy;
			containerPortal = 8F1BB13BBD0B406E8E37687F /* Project object */;
			proxyType = 1;
			remoteGlobalIDString = C9795425B0D84D6A9E119F7E;
			remoteInfo = ZERO_CHECK;
		};
		865CDA63907B404BA2B43A0C /* PBXContainerItemProxy */ = {
			isa = PBXContainerItemProxy;
			containerPortal = 8F1BB13BBD0B406E8E37687F /* Project object */;
			proxyType = 1;
			remoteGlobalIDString = C9795425B0D84D6A9E119F7E;
			remoteInfo = ZERO_CHECK;
		};
		8B1CE335D9494A7DA1D4F9F1 /* PBXContainerItemProxy */ = {
			isa = PBXContainerItemProxy;
			containerPortal = 8F1BB13BBD0B406E8E37687F /* Project object */;
			proxyType = 1;
			remoteGlobalIDString = DFB0A975A88D45AE87DD05BC;
			remoteInfo = CodedAperture;
		};
/* End PBXContainerItemProxy section */

/* Begin PBXFileReference section */
		046690C88D3F46F5A9B68A60 /* /Users/Hellfeld/Documents/School/UCB/Research/Coded Aperature/Toy_Imager/HEMI_Sim/src/RunAction.cc */ = {isa = PBXFileReference; explicitFileType = sourcecode.cpp.cpp; fileEncoding = 4; name = RunAction.cc; path = src/RunAction.cc; sourceTree = SOURCE_ROOT; };
		0568ADD9143040F9844A3CF1 /* /Users/Hellfeld/Documents/School/UCB/Research/Coded Aperature/Toy_Imager/HEMI_Sim/include/ActionInitialization.hh */ = {isa = PBXFileReference; explicitFileType = sourcecode.cpp.h; fileEncoding = 4; name = ActionInitialization.hh; path = include/ActionInitialization.hh; sourceTree = SOURCE_ROOT; };
		12CBC31D19B244069A01E887 /* /Users/Hellfeld/Documents/School/UCB/Research/Coded Aperature/Toy_Imager/HEMI_Sim/include/EventAction.hh */ = {isa = PBXFileReference; explicitFileType = sourcecode.cpp.h; fileEncoding = 4; name = EventAction.hh; path = include/EventAction.hh; sourceTree = SOURCE_ROOT; };
		1429389E02294F689F79DE59 /* /Users/Hellfeld/Documents/School/UCB/Research/Coded Aperature/Toy_Imager/HEMI_Sim/include/PrimaryGeneratorAction.hh */ = {isa = PBXFileReference; explicitFileType = sourcecode.cpp.h; fileEncoding = 4; name = PrimaryGeneratorAction.hh; path = include/PrimaryGeneratorAction.hh; sourceTree = SOURCE_ROOT; };
		1A9F33B01E864D77942F8C35 /* /Users/Hellfeld/Documents/School/UCB/Research/Coded Aperature/Toy_Imager/HEMI_Sim/src/PrimaryGeneratorAction.cc */ = {isa = PBXFileReference; explicitFileType = sourcecode.cpp.cpp; fileEncoding = 4; name = PrimaryGeneratorAction.cc; path = src/PrimaryGeneratorAction.cc; sourceTree = SOURCE_ROOT; };
		204321EC2A954FA6BF5D56FE /* /Users/Hellfeld/Documents/School/UCB/Research/Coded Aperature/Toy_Imager/HEMI_Sim/include/RunAction.hh */ = {isa = PBXFileReference; explicitFileType = sourcecode.cpp.h; fileEncoding = 4; name = RunAction.hh; path = include/RunAction.hh; sourceTree = SOURCE_ROOT; };
		330B5815A51342078B4715E6 /* /Users/Hellfeld/Documents/School/UCB/Research/Coded Aperature/Toy_Imager/HEMI_Sim/src/SteppingAction.cc */ = {isa = PBXFileReference; explicitFileType = sourcecode.cpp.cpp; fileEncoding = 4; name = SteppingAction.cc; path = src/SteppingAction.cc; sourceTree = SOURCE_ROOT; };
		35559B8EE6F44359A13A6C52 /* /Users/Hellfeld/Documents/School/UCB/Research/Coded Aperature/Toy_Imager/HEMI_Sim/src/PhysicsList.cc */ = {isa = PBXFileReference; explicitFileType = sourcecode.cpp.cpp; fileEncoding = 4; name = PhysicsList.cc; path = src/PhysicsList.cc; sourceTree = SOURCE_ROOT; };
		3648F19DBEF84A84BB3B54D4 /* /Users/Hellfeld/Documents/School/UCB/Research/Coded Aperature/Toy_Imager/HEMI_Sim/CMakeLists.txt */ = {isa = PBXFileReference; explicitFileType = sourcecode.text; fileEncoding = 4; name = CMakeLists.txt; path = CMakeLists.txt; sourceTree = SOURCE_ROOT; };
		4CEF9AFBDA2043C2A95A7BBC /* /Users/Hellfeld/Documents/School/UCB/Research/Coded Aperature/Toy_Imager/HEMI_Sim/include/PhysicsList.hh */ = {isa = PBXFileReference; explicitFileType = sourcecode.cpp.h; fileEncoding = 4; name = PhysicsList.hh; path = include/PhysicsList.hh; sourceTree = SOURCE_ROOT; };
		53299B1AFB6E44E7BD9F8E53 /* /Users/Hellfeld/Documents/School/UCB/Research/Coded Aperature/Toy_Imager/HEMI_Sim/include/TrackingAction.hh */ = {isa = PBXFileReference; explicitFileType = sourcecode.cpp.h; fileEncoding = 4; name = TrackingAction.hh; path = include/TrackingAction.hh; sourceTree = SOURCE_ROOT; };
		561B5039EBA34E9888EC7F32 /* /Users/Hellfeld/Documents/School/UCB/Research/Coded Aperature/Toy_Imager/HEMI_Sim/CMakeLists.txt */ = {isa = PBXFileReference; explicitFileType = sourcecode.text; fileEncoding = 4; name = CMakeLists.txt; path = CMakeLists.txt; sourceTree = SOURCE_ROOT; };
		6B1B0FD12B5640CE904720A5 /* /Users/Hellfeld/Documents/School/UCB/Research/Coded Aperature/Toy_Imager/HEMI_Sim/CMakeLists.txt */ = {isa = PBXFileReference; explicitFileType = sourcecode.text; fileEncoding = 4; name = CMakeLists.txt; path = CMakeLists.txt; sourceTree = SOURCE_ROOT; };
		7AE24C0D7FF5466ABDFD388E /* /Users/Hellfeld/Documents/School/UCB/Research/Coded Aperature/Toy_Imager/HEMI_Sim/include/DetectorConstruction.hh */ = {isa = PBXFileReference; explicitFileType = sourcecode.cpp.h; fileEncoding = 4; name = DetectorConstruction.hh; path = include/DetectorConstruction.hh; sourceTree = SOURCE_ROOT; };
		8F4A2B3A5002464A875EF9AF /* /Users/Hellfeld/Documents/School/UCB/Research/Coded Aperature/Toy_Imager/HEMI_Sim/include/StackingAction.hh */ = {isa = PBXFileReference; explicitFileType = sourcecode.cpp.h; fileEncoding = 4; name = StackingAction.hh; path = include/StackingAction.hh; sourceTree = SOURCE_ROOT; };
		96A2D797284C4F99B4AB8279 /* /Users/Hellfeld/Documents/School/UCB/Research/Coded Aperature/Toy_Imager/HEMI_Sim/src/EventAction.cc */ = {isa = PBXFileReference; explicitFileType = sourcecode.cpp.cpp; fileEncoding = 4; name = EventAction.cc; path = src/EventAction.cc; sourceTree = SOURCE_ROOT; };
		980A1F204D57422D913F4F80 /* /Users/Hellfeld/Documents/School/UCB/Research/Coded Aperature/Toy_Imager/HEMI_Sim/include/PrimaryGeneratorActionMessenger.hh */ = {isa = PBXFileReference; explicitFileType = sourcecode.cpp.h; fileEncoding = 4; name = PrimaryGeneratorActionMessenger.hh; path = include/PrimaryGeneratorActionMessenger.hh; sourceTree = SOURCE_ROOT; };
		A1C776BA84E84524B6826D11 /* /Users/Hellfeld/Documents/School/UCB/Research/Coded Aperature/Toy_Imager/HEMI_Sim/src/TrackingAction.cc */ = {isa = PBXFileReference; explicitFileType = sourcecode.cpp.cpp; fileEncoding = 4; name = TrackingAction.cc; path = src/TrackingAction.cc; sourceTree = SOURCE_ROOT; };
		BB71AE7E2D87488A85C94154 /* /Users/Hellfeld/Documents/School/UCB/Research/Coded Aperature/Toy_Imager/HEMI_Sim/src/DetectorConstruction.cc */ = {isa = PBXFileReference; explicitFileType = sourcecode.cpp.cpp; fileEncoding = 4; name = DetectorConstruction.cc; path = src/DetectorConstruction.cc; sourceTree = SOURCE_ROOT; };
		CC20F18A82134B41B756EEB6 /* /Users/Hellfeld/Documents/School/UCB/Research/Coded Aperature/Toy_Imager/HEMI_Sim/src/PrimaryGeneratorActionMessenger.cc */ = {isa = PBXFileReference; explicitFileType = sourcecode.cpp.cpp; fileEncoding = 4; name = PrimaryGeneratorActionMessenger.cc; path = src/PrimaryGeneratorActionMessenger.cc; sourceTree = SOURCE_ROOT; };
		D6BB185A6D3B4D57991B7E9D /* /Users/Hellfeld/Documents/School/UCB/Research/Coded Aperature/Toy_Imager/HEMI_Sim/include/SteppingAction.hh */ = {isa = PBXFileReference; explicitFileType = sourcecode.cpp.h; fileEncoding = 4; name = SteppingAction.hh; path = include/SteppingAction.hh; sourceTree = SOURCE_ROOT; };
		E1B3A860B8654F1BBEAEF8AF /* /Users/Hellfeld/Documents/School/UCB/Research/Coded Aperature/Toy_Imager/HEMI_Sim/src/StackingAction.cc */ = {isa = PBXFileReference; explicitFileType = sourcecode.cpp.cpp; fileEncoding = 4; name = StackingAction.cc; path = src/StackingAction.cc; sourceTree = SOURCE_ROOT; };
		F65EE678BFE14E90ACF7AC26 /* /Users/Hellfeld/Documents/School/UCB/Research/Coded Aperature/Toy_Imager/HEMI_Sim/src/ActionInitialization.cc */ = {isa = PBXFileReference; explicitFileType = sourcecode.cpp.cpp; fileEncoding = 4; name = ActionInitialization.cc; path = src/ActionInitialization.cc; sourceTree = SOURCE_ROOT; };
		FBEE695D050542C29DD7D395 /* /Users/Hellfeld/Documents/School/UCB/Research/Coded Aperature/Toy_Imager/HEMI_Sim/CodedAperture.cc */ = {isa = PBXFileReference; explicitFileType = sourcecode.cpp.cpp; fileEncoding = 4; name = CodedAperture.cc; path = CodedAperture.cc; sourceTree = SOURCE_ROOT; };
		FCB42CA2B84745BBA1C2077C /* CodedAperture */ = {isa = PBXFileReference; explicitFileType = "compiled.mach-o.executable"; path = CodedAperture; refType = 0; sourceTree = BUILT_PRODUCTS_DIR; };
/* End PBXFileReference section */

/* Begin PBXGroup section */
		14591F9DB67341F39C534450 /* Source Files */ = {
			isa = PBXGroup;
			children = (
				FBEE695D050542C29DD7D395 /* /Users/Hellfeld/Documents/School/UCB/Research/Coded Aperature/Toy_Imager/HEMI_Sim/CodedAperture.cc */,
				F65EE678BFE14E90ACF7AC26 /* /Users/Hellfeld/Documents/School/UCB/Research/Coded Aperature/Toy_Imager/HEMI_Sim/src/ActionInitialization.cc */,
				BB71AE7E2D87488A85C94154 /* /Users/Hellfeld/Documents/School/UCB/Research/Coded Aperature/Toy_Imager/HEMI_Sim/src/DetectorConstruction.cc */,
				96A2D797284C4F99B4AB8279 /* /Users/Hellfeld/Documents/School/UCB/Research/Coded Aperature/Toy_Imager/HEMI_Sim/src/EventAction.cc */,
				35559B8EE6F44359A13A6C52 /* /Users/Hellfeld/Documents/School/UCB/Research/Coded Aperature/Toy_Imager/HEMI_Sim/src/PhysicsList.cc */,
				1A9F33B01E864D77942F8C35 /* /Users/Hellfeld/Documents/School/UCB/Research/Coded Aperature/Toy_Imager/HEMI_Sim/src/PrimaryGeneratorAction.cc */,
				CC20F18A82134B41B756EEB6 /* /Users/Hellfeld/Documents/School/UCB/Research/Coded Aperature/Toy_Imager/HEMI_Sim/src/PrimaryGeneratorActionMessenger.cc */,
				046690C88D3F46F5A9B68A60 /* /Users/Hellfeld/Documents/School/UCB/Research/Coded Aperature/Toy_Imager/HEMI_Sim/src/RunAction.cc */,
				E1B3A860B8654F1BBEAEF8AF /* /Users/Hellfeld/Documents/School/UCB/Research/Coded Aperature/Toy_Imager/HEMI_Sim/src/StackingAction.cc */,
				330B5815A51342078B4715E6 /* /Users/Hellfeld/Documents/School/UCB/Research/Coded Aperature/Toy_Imager/HEMI_Sim/src/SteppingAction.cc */,
				A1C776BA84E84524B6826D11 /* /Users/Hellfeld/Documents/School/UCB/Research/Coded Aperature/Toy_Imager/HEMI_Sim/src/TrackingAction.cc */,
			);
			name = "Source Files";
			sourceTree = "<group>";
		};
		6855E5C391F7432FB8E1754E /* Sources */ = {
			isa = PBXGroup;
			children = (
				89D8F7DA37024C73ADB6D0F1 /* CodedAperture */,
				F4FC45F00AEB4B9FBC61DBD6 /* ALL_BUILD */,
				96DB0E83A71F4B47B2D7D779 /* ZERO_CHECK */,
			);
			name = Sources;
			sourceTree = "<group>";
		};
		82FA3440B28A46D9A2D45F92 /* Products */ = {
			isa = PBXGroup;
			children = (
				FCB42CA2B84745BBA1C2077C /* CodedAperture */,
			);
			name = Products;
			sourceTree = "<group>";
		};
		89D8F7DA37024C73ADB6D0F1 /* CodedAperture */ = {
			isa = PBXGroup;
			children = (
				14591F9DB67341F39C534450 /* Source Files */,
				FA87900BBECC45E495168260 /* Header Files */,
				561B5039EBA34E9888EC7F32 /* /Users/Hellfeld/Documents/School/UCB/Research/Coded Aperature/Toy_Imager/HEMI_Sim/CMakeLists.txt */,
			);
			name = CodedAperture;
			sourceTree = "<group>";
		};
		8FD2BD25DCCA48CEB5D66EFF /* CMake Rules */ = {
			isa = PBXGroup;
			children = (
			);
			name = "CMake Rules";
			sourceTree = "<group>";
		};
		96DB0E83A71F4B47B2D7D779 /* ZERO_CHECK */ = {
			isa = PBXGroup;
			children = (
				8FD2BD25DCCA48CEB5D66EFF /* CMake Rules */,
				6B1B0FD12B5640CE904720A5 /* /Users/Hellfeld/Documents/School/UCB/Research/Coded Aperature/Toy_Imager/HEMI_Sim/CMakeLists.txt */,
			);
			name = ZERO_CHECK;
			sourceTree = "<group>";
		};
		AF0AE69B1F4346F2BB0CD1B1 /* CMake Rules */ = {
			isa = PBXGroup;
			children = (
			);
			name = "CMake Rules";
			sourceTree = "<group>";
		};
		F2382659A09A47F79FFD2A38 /* Resources */ = {
			isa = PBXGroup;
			children = (
			);
			name = Resources;
			sourceTree = "<group>";
		};
		F276A345ECDE46D5B6313CA1 = {
			isa = PBXGroup;
			children = (
				6855E5C391F7432FB8E1754E /* Sources */,
				F2382659A09A47F79FFD2A38 /* Resources */,
				82FA3440B28A46D9A2D45F92 /* Products */,
			);
			sourceTree = "<group>";
		};
		F4FC45F00AEB4B9FBC61DBD6 /* ALL_BUILD */ = {
			isa = PBXGroup;
			children = (
				AF0AE69B1F4346F2BB0CD1B1 /* CMake Rules */,
				3648F19DBEF84A84BB3B54D4 /* /Users/Hellfeld/Documents/School/UCB/Research/Coded Aperature/Toy_Imager/HEMI_Sim/CMakeLists.txt */,
			);
			name = ALL_BUILD;
			sourceTree = "<group>";
		};
		FA87900BBECC45E495168260 /* Header Files */ = {
			isa = PBXGroup;
			children = (
				0568ADD9143040F9844A3CF1 /* /Users/Hellfeld/Documents/School/UCB/Research/Coded Aperature/Toy_Imager/HEMI_Sim/include/ActionInitialization.hh */,
				7AE24C0D7FF5466ABDFD388E /* /Users/Hellfeld/Documents/School/UCB/Research/Coded Aperature/Toy_Imager/HEMI_Sim/include/DetectorConstruction.hh */,
				12CBC31D19B244069A01E887 /* /Users/Hellfeld/Documents/School/UCB/Research/Coded Aperature/Toy_Imager/HEMI_Sim/include/EventAction.hh */,
				4CEF9AFBDA2043C2A95A7BBC /* /Users/Hellfeld/Documents/School/UCB/Research/Coded Aperature/Toy_Imager/HEMI_Sim/include/PhysicsList.hh */,
				1429389E02294F689F79DE59 /* /Users/Hellfeld/Documents/School/UCB/Research/Coded Aperature/Toy_Imager/HEMI_Sim/include/PrimaryGeneratorAction.hh */,
				980A1F204D57422D913F4F80 /* /Users/Hellfeld/Documents/School/UCB/Research/Coded Aperature/Toy_Imager/HEMI_Sim/include/PrimaryGeneratorActionMessenger.hh */,
				204321EC2A954FA6BF5D56FE /* /Users/Hellfeld/Documents/School/UCB/Research/Coded Aperature/Toy_Imager/HEMI_Sim/include/RunAction.hh */,
				8F4A2B3A5002464A875EF9AF /* /Users/Hellfeld/Documents/School/UCB/Research/Coded Aperature/Toy_Imager/HEMI_Sim/include/StackingAction.hh */,
				D6BB185A6D3B4D57991B7E9D /* /Users/Hellfeld/Documents/School/UCB/Research/Coded Aperature/Toy_Imager/HEMI_Sim/include/SteppingAction.hh */,
				53299B1AFB6E44E7BD9F8E53 /* /Users/Hellfeld/Documents/School/UCB/Research/Coded Aperature/Toy_Imager/HEMI_Sim/include/TrackingAction.hh */,
			);
			name = "Header Files";
			sourceTree = "<group>";
		};
/* End PBXGroup section */

/* Begin PBXNativeTarget section */
		DFB0A975A88D45AE87DD05BC /* CodedAperture */ = {
			isa = PBXNativeTarget;
			buildConfigurationList = 08F5AD95D237488C9FD1B748 /* Build configuration list for PBXNativeTarget "CodedAperture" */;
			buildPhases = (
				C11EE14C48EB4351A2CE20C8 /* Sources */,
			);
			buildRules = (
			);
			dependencies = (
				FB6B67E9B4D942EE8DDFCE61 /* PBXTargetDependency */,
			);
			name = CodedAperture;
			productName = CodedAperture;
			productReference = FCB42CA2B84745BBA1C2077C /* CodedAperture */;
			productType = "com.apple.product-type.tool";
		};
/* End PBXNativeTarget section */

/* Begin PBXProject section */
		8F1BB13BBD0B406E8E37687F /* Project object */ = {
			isa = PBXProject;
			attributes = {
				BuildIndependentTargetsInParallel = YES;
				LastUpgradeCheck = 0610;
			};
			buildConfigurationList = 2EDCA6C20242418E87E49391 /* Build configuration list for PBXProject "CodedAperture" */;
			buildSettings = {
			};
			buildStyles = (
				E3ADF217E43C41629D76441F /* Debug */,
				DD81C1E26B46446391D99D68 /* Release */,
				77A3568D57124744A00CD0F1 /* MinSizeRel */,
				6BD4365637C44390ACCD33BE /* RelWithDebInfo */,
			);
			compatibilityVersion = "Xcode 3.2";
			hasScannedForEncodings = 0;
			mainGroup = F276A345ECDE46D5B6313CA1;
			projectDirPath = ../;
			projectRoot = "";
			targets = (
				29033E72EDF64D32B7E6C45B /* ALL_BUILD */,
				DFB0A975A88D45AE87DD05BC /* CodedAperture */,
				C9795425B0D84D6A9E119F7E /* ZERO_CHECK */,
			);
		};
/* End PBXProject section */

/* Begin PBXShellScriptBuildPhase section */
		02E988AFE3E64C8D8838D588 = {
			isa = PBXShellScriptBuildPhase;
			buildActionMask = 2147483647;
			files = (
			);
			inputPaths = (
			);
			outputPaths = (
			);
			runOnlyForDeploymentPostprocessing = 0;
			shellPath = /bin/sh;
			shellScript = "# shell script goes here
exit 0";
			showEnvVarsInLog = 0;
		};
		0B306C6F93E44E6D856F9F34 = {
			isa = PBXShellScriptBuildPhase;
			buildActionMask = 2147483647;
			files = (
			);
			inputPaths = (
			);
			outputPaths = (
			);
			runOnlyForDeploymentPostprocessing = 0;
			shellPath = /bin/sh;
			shellScript = "# shell script goes here
exit 0";
			showEnvVarsInLog = 0;
		};
		79E01106B806444999467F58 /* CMake Rules */ = {
			isa = PBXShellScriptBuildPhase;
			buildActionMask = 2147483647;
			files = (
			);
			name = "CMake Rules";
			runOnlyForDeploymentPostprocessing = 0;
			shellPath = /bin/sh;
			shellScript = "make -C /Users/Hellfeld/Documents/School/UCB/Research/Coded\\ Aperature/Toy_Imager/HEMI_Sim/xcode -f /Users/Hellfeld/Documents/School/UCB/Research/Coded\\ Aperature/Toy_Imager/HEMI_Sim/xcode/CMakeScripts/ZERO_CHECK_cmakeRulesBuildPhase.make$CONFIGURATION all";
			showEnvVarsInLog = 0;
		};
		A44677E6CECE4573831D8A1C /* CMake Rules */ = {
			isa = PBXShellScriptBuildPhase;
			buildActionMask = 2147483647;
			files = (
			);
			name = "CMake Rules";
			runOnlyForDeploymentPostprocessing = 0;
			shellPath = /bin/sh;
			shellScript = "make -C /Users/Hellfeld/Documents/School/UCB/Research/Coded\\ Aperature/Toy_Imager/HEMI_Sim/xcode -f /Users/Hellfeld/Documents/School/UCB/Research/Coded\\ Aperature/Toy_Imager/HEMI_Sim/xcode/CMakeScripts/ALL_BUILD_cmakeRulesBuildPhase.make$CONFIGURATION all";
			showEnvVarsInLog = 0;
		};
/* End PBXShellScriptBuildPhase section */

/* Begin PBXSourcesBuildPhase section */
		C11EE14C48EB4351A2CE20C8 /* Sources */ = {
			isa = PBXSourcesBuildPhase;
			buildActionMask = 2147483647;
			files = (
				6C55F96AC3BB4F509BA8C75E /* /Users/Hellfeld/Documents/School/UCB/Research/Coded Aperature/Toy_Imager/HEMI_Sim/CodedAperture.cc */,
				907ED41F3A434E59BF4DE7DE /* /Users/Hellfeld/Documents/School/UCB/Research/Coded Aperature/Toy_Imager/HEMI_Sim/src/ActionInitialization.cc */,
				653F161DE46344E092D7B104 /* /Users/Hellfeld/Documents/School/UCB/Research/Coded Aperature/Toy_Imager/HEMI_Sim/src/DetectorConstruction.cc */,
				51F0BA66B5B849A4BE430807 /* /Users/Hellfeld/Documents/School/UCB/Research/Coded Aperature/Toy_Imager/HEMI_Sim/src/EventAction.cc */,
				99440BAC74E5421BAC5600A4 /* /Users/Hellfeld/Documents/School/UCB/Research/Coded Aperature/Toy_Imager/HEMI_Sim/src/PhysicsList.cc */,
				546C20542E274293949DC8B5 /* /Users/Hellfeld/Documents/School/UCB/Research/Coded Aperature/Toy_Imager/HEMI_Sim/src/PrimaryGeneratorAction.cc */,
				3EA50176CCE241828136C25A /* /Users/Hellfeld/Documents/School/UCB/Research/Coded Aperature/Toy_Imager/HEMI_Sim/src/PrimaryGeneratorActionMessenger.cc */,
				3271C4A47B5041939288D1C1 /* /Users/Hellfeld/Documents/School/UCB/Research/Coded Aperature/Toy_Imager/HEMI_Sim/src/RunAction.cc */,
				C7F60A4DD37048F99B6420F0 /* /Users/Hellfeld/Documents/School/UCB/Research/Coded Aperature/Toy_Imager/HEMI_Sim/src/StackingAction.cc */,
				D205F2FB27754C0CA8BE5752 /* /Users/Hellfeld/Documents/School/UCB/Research/Coded Aperature/Toy_Imager/HEMI_Sim/src/SteppingAction.cc */,
				6FCC014C4BD14F998985F9D3 /* /Users/Hellfeld/Documents/School/UCB/Research/Coded Aperature/Toy_Imager/HEMI_Sim/src/TrackingAction.cc */,
			);
			runOnlyForDeploymentPostprocessing = 0;
		};
/* End PBXSourcesBuildPhase section */

/* Begin PBXTargetDependency section */
		46A60A6F5DD2450280C95412 /* PBXTargetDependency */ = {
			isa = PBXTargetDependency;
			target = C9795425B0D84D6A9E119F7E /* ZERO_CHECK */;
			targetProxy = 865CDA63907B404BA2B43A0C /* PBXContainerItemProxy */;
		};
		64AA0FFF2EE74316B7A11C47 /* PBXTargetDependency */ = {
			isa = PBXTargetDependency;
			target = DFB0A975A88D45AE87DD05BC /* CodedAperture */;
			targetProxy = 8B1CE335D9494A7DA1D4F9F1 /* PBXContainerItemProxy */;
		};
		FB6B67E9B4D942EE8DDFCE61 /* PBXTargetDependency */ = {
			isa = PBXTargetDependency;
			target = C9795425B0D84D6A9E119F7E /* ZERO_CHECK */;
			targetProxy = 62556E6037DA42A78DB70647 /* PBXContainerItemProxy */;
		};
/* End PBXTargetDependency section */

/* Begin XCBuildConfiguration section */
		05253756CF0C4328A071AA38 /* MinSizeRel */ = {
			isa = XCBuildConfiguration;
			buildSettings = {
				COMBINE_HIDPI_IMAGES = YES;
				GCC_GENERATE_DEBUGGING_SYMBOLS = YES;
				GCC_INLINES_ARE_PRIVATE_EXTERN = NO;
				GCC_OPTIMIZATION_LEVEL = 0;
				GCC_PREPROCESSOR_DEFINITIONS = ("'CMAKE_INTDIR=\"$(CONFIGURATION)$(EFFECTIVE_PLATFORM_NAME)\"'", );
				GCC_SYMBOLS_PRIVATE_EXTERN = NO;
				HEADER_SEARCH_PATHS = ("/Users/Hellfeld/GEANT4.10.2.p1/geant4-install/include/Geant4", /usr/local/octave/3.8.0/include, /usr/local/octave/3.8.0/include/QtCore, /usr/local/octave/3.8.0/include/QtGui, /usr/local/octave/3.8.0/include/QtOpenGL, "\"/Users/Hellfeld/Documents/School/UCB/Research/Coded Aperature/Toy_Imager/HEMI_Sim/include\"", /Users/Hellfeld/ROOT/include, );
				INSTALL_PATH = "";
				OTHER_LDFLAGS = " ";
				OTHER_REZFLAGS = "";
				PRODUCT_NAME = ALL_BUILD;
				SECTORDER_FLAGS = "";
				SYMROOT = "/Users/Hellfeld/Documents/School/UCB/Research/Coded Aperature/Toy_Imager/HEMI_Sim/xcode";
				USE_HEADERMAP = NO;
				WARNING_CFLAGS = ("-Wmost", "-Wno-four-char-constants", "-Wno-unknown-pragmas", "$(inherited)", );
			};
			name = MinSizeRel;
		};
		523154787FAC46E98881C39B /* Debug */ = {
			isa = XCBuildConfiguration;
			buildSettings = {
				ONLY_ACTIVE_ARCH = YES;
				SDKROOT = /Applications/Xcode.app/Contents/Developer/Platforms/MacOSX.platform/Developer/SDKs/MacOSX10.10.sdk;
				SYMROOT = "/Users/Hellfeld/Documents/School/UCB/Research/Coded Aperature/Toy_Imager/HEMI_Sim/xcode/build";
			};
			name = Debug;
		};
		526F35D6E9F64EB1B7BC4FEB /* MinSizeRel */ = {
			isa = XCBuildConfiguration;
			buildSettings = {
				COMBINE_HIDPI_IMAGES = YES;
				EXECUTABLE_PREFIX = "";
				EXECUTABLE_SUFFIX = "";
				GCC_GENERATE_DEBUGGING_SYMBOLS = NO;
				GCC_INLINES_ARE_PRIVATE_EXTERN = NO;
				GCC_OPTIMIZATION_LEVEL = s;
				GCC_PREPROCESSOR_DEFINITIONS = ("'CMAKE_INTDIR=\"$(CONFIGURATION)$(EFFECTIVE_PLATFORM_NAME)\"'", G4_STORE_TRAJECTORY, G4VERBOSE, G4UI_USE, G4VIS_USE, G4UI_USE_TCSH, G4INTY_USE_XT, G4VIS_USE_RAYTRACERX, G4INTY_USE_QT, G4UI_USE_QT, G4VIS_USE_OPENGLQT, G4VIS_USE_OPENGLX, G4VIS_USE_OPENGL, );
				GCC_SYMBOLS_PRIVATE_EXTERN = NO;
				HEADER_SEARCH_PATHS = ("/Users/Hellfeld/GEANT4.10.2.p1/geant4-install/include/Geant4", /usr/local/octave/3.8.0/include, /usr/local/octave/3.8.0/include/QtCore, /usr/local/octave/3.8.0/include/QtGui, /usr/local/octave/3.8.0/include/QtOpenGL, "\"/Users/Hellfeld/Documents/School/UCB/Research/Coded Aperature/Toy_Imager/HEMI_Sim/include\"", /Users/Hellfeld/ROOT/include, );
				INSTALL_PATH = "";
				LD_RUNPATH_SEARCH_PATHS = "/Users/Hellfeld/GEANT4.10.2.p1/geant4-install/lib";
				LIBRARY_SEARCH_PATHS = "";
				OTHER_CPLUSPLUSFLAGS = " -W -Wall -pedantic -Wno-non-virtual-dtor -Wno-long-long -Wwrite-strings -Wpointer-arith -Woverloaded-virtual -Wno-variadic-macros -Wshadow -pipe -Qunused-arguments -stdlib=libc++ -DG4USE_STD11 -std=c++11      -DNDEBUG     -DNDEBUG '-std=c++11'  ";
				OTHER_LDFLAGS = "  -Wl,-search_paths_first -Wl,-headerpad_max_install_names  /Users/Hellfeld/GEANT4.10.2.p1/geant4-install/lib/libG4Tree.dylib /Users/Hellfeld/GEANT4.10.2.p1/geant4-install/lib/libG4GMocren.dylib /Users/Hellfeld/GEANT4.10.2.p1/geant4-install/lib/libG4visHepRep.dylib /Users/Hellfeld/GEANT4.10.2.p1/geant4-install/lib/libG4RayTracer.dylib /Users/Hellfeld/GEANT4.10.2.p1/geant4-install/lib/libG4VRML.dylib /Users/Hellfeld/GEANT4.10.2.p1/geant4-install/lib/libG4OpenGL.dylib /Users/Hellfeld/GEANT4.10.2.p1/geant4-install/lib/libG4gl2ps.dylib /Users/Hellfeld/GEANT4.10.2.p1/geant4-install/lib/libG4interfaces.dylib /Users/Hellfeld/GEANT4.10.2.p1/geant4-install/lib/libG4persistency.dylib /Users/Hellfeld/GEANT4.10.2.p1/geant4-install/lib/libG4analysis.dylib /Users/Hellfeld/GEANT4.10.2.p1/geant4-install/lib/libG4error_propagation.dylib /Users/Hellfeld/GEANT4.10.2.p1/geant4-install/lib/libG4readout.dylib /Users/Hellfeld/GEANT4.10.2.p1/geant4-install/lib/libG4physicslists.dylib /Users/Hellfeld/GEANT4.10.2.p1/geant4-install/lib/libG4parmodels.dylib -L/Users/Hellfeld/ROOT/lib -lCore -lCint -lRIO -lNet -lHist -lGraf -lGraf3d -lGpad -lTree -lRint -lPostscript -lMatrix -lPhysics -lMathCore -lThread -lpthread -Wl,-rpath,/Users/Hellfeld/ROOT/lib -stdlib=libc++ -lm -ldl /Users/Hellfeld/GEANT4.10.2.p1/geant4-install/lib/libG4FR.dylib /Users/Hellfeld/GEANT4.10.2.p1/geant4-install/lib/libG4vis_management.dylib /Users/Hellfeld/GEANT4.10.2.p1/geant4-install/lib/libG4modeling.dylib /opt/local/lib/libX11.dylib /opt/local/lib/libXext.dylib -framework OpenGL /usr/X11R6/lib/libGL.dylib /usr/X11R6/lib/libGLU.dylib /opt/X11/lib/libXmu.dylib /usr/local/octave/3.8.0/lib/libQtOpenGL.dylib /usr/local/octave/3.8.0/lib/libQtGui.dylib /usr/local/octave/3.8.0/lib/libQtCore.dylib /Users/Hellfeld/GEANT4.10.2.p1/geant4-install/lib/libG4run.dylib /Users/Hellfeld/GEANT4.10.2.p1/geant4-install/lib/libG4event.dylib /Users/Hellfeld/GEANT4.10.2.p1/geant4-install/lib/libG4tracking.dylib /Users/Hellfeld/GEANT4.10.2.p1/geant4-install/lib/libG4processes.dylib /Users/Hellfeld/GEANT4.10.2.p1/geant4-install/lib/libG4expat.dylib /Users/Hellfeld/GEANT4.10.2.p1/geant4-install/lib/libG4zlib.dylib /Users/Hellfeld/GEANT4.10.2.p1/geant4-install/lib/libG4digits_hits.dylib /Users/Hellfeld/GEANT4.10.2.p1/geant4-install/lib/libG4track.dylib /Users/Hellfeld/GEANT4.10.2.p1/geant4-install/lib/libG4particles.dylib /Users/Hellfeld/GEANT4.10.2.p1/geant4-install/lib/libG4geometry.dylib /Users/Hellfeld/GEANT4.10.2.p1/geant4-install/lib/libG4materials.dylib /Users/Hellfeld/GEANT4.10.2.p1/geant4-install/lib/libG4graphics_reps.dylib /Users/Hellfeld/GEANT4.10.2.p1/geant4-install/lib/libG4intercoms.dylib /Users/Hellfeld/GEANT4.10.2.p1/geant4-install/lib/libG4global.dylib /Users/Hellfeld/GEANT4.10.2.p1/geant4-install/lib/libG4clhep.dylib";
				OTHER_REZFLAGS = "";
				PRODUCT_NAME = CodedAperture;
				SECTORDER_FLAGS = "";
				SYMROOT = "/Users/Hellfeld/Documents/School/UCB/Research/Coded Aperature/Toy_Imager/HEMI_Sim/xcode";
				USE_HEADERMAP = NO;
				WARNING_CFLAGS = ("-Wmost", "-Wno-four-char-constants", "-Wno-unknown-pragmas", "$(inherited)", );
			};
			name = MinSizeRel;
		};
		5E461A48A2D74781813D25FE /* Release */ = {
			isa = XCBuildConfiguration;
			buildSettings = {
				COMBINE_HIDPI_IMAGES = YES;
				EXECUTABLE_PREFIX = "";
				EXECUTABLE_SUFFIX = "";
				GCC_GENERATE_DEBUGGING_SYMBOLS = NO;
				GCC_INLINES_ARE_PRIVATE_EXTERN = NO;
				GCC_OPTIMIZATION_LEVEL = 3;
				GCC_PREPROCESSOR_DEFINITIONS = ("'CMAKE_INTDIR=\"$(CONFIGURATION)$(EFFECTIVE_PLATFORM_NAME)\"'", G4_STORE_TRAJECTORY, G4VERBOSE, G4UI_USE, G4VIS_USE, G4UI_USE_TCSH, G4INTY_USE_XT, G4VIS_USE_RAYTRACERX, G4INTY_USE_QT, G4UI_USE_QT, G4VIS_USE_OPENGLQT, G4VIS_USE_OPENGLX, G4VIS_USE_OPENGL, );
				GCC_SYMBOLS_PRIVATE_EXTERN = NO;
				HEADER_SEARCH_PATHS = ("/Users/Hellfeld/GEANT4.10.2.p1/geant4-install/include/Geant4", /usr/local/octave/3.8.0/include, /usr/local/octave/3.8.0/include/QtCore, /usr/local/octave/3.8.0/include/QtGui, /usr/local/octave/3.8.0/include/QtOpenGL, "\"/Users/Hellfeld/Documents/School/UCB/Research/Coded Aperature/Toy_Imager/HEMI_Sim/include\"", /Users/Hellfeld/ROOT/include, );
				INSTALL_PATH = "";
				LD_RUNPATH_SEARCH_PATHS = "/Users/Hellfeld/GEANT4.10.2.p1/geant4-install/lib";
				LIBRARY_SEARCH_PATHS = "";
				OTHER_CPLUSPLUSFLAGS = " -W -Wall -pedantic -Wno-non-virtual-dtor -Wno-long-long -Wwrite-strings -Wpointer-arith -Woverloaded-virtual -Wno-variadic-macros -Wshadow -pipe -Qunused-arguments -stdlib=libc++ -DG4USE_STD11 -std=c++11      -DNDEBUG     -DNDEBUG '-std=c++11'  ";
				OTHER_LDFLAGS = "  -Wl,-search_paths_first -Wl,-headerpad_max_install_names  /Users/Hellfeld/GEANT4.10.2.p1/geant4-install/lib/libG4Tree.dylib /Users/Hellfeld/GEANT4.10.2.p1/geant4-install/lib/libG4GMocren.dylib /Users/Hellfeld/GEANT4.10.2.p1/geant4-install/lib/libG4visHepRep.dylib /Users/Hellfeld/GEANT4.10.2.p1/geant4-install/lib/libG4RayTracer.dylib /Users/Hellfeld/GEANT4.10.2.p1/geant4-install/lib/libG4VRML.dylib /Users/Hellfeld/GEANT4.10.2.p1/geant4-install/lib/libG4OpenGL.dylib /Users/Hellfeld/GEANT4.10.2.p1/geant4-install/lib/libG4gl2ps.dylib /Users/Hellfeld/GEANT4.10.2.p1/geant4-install/lib/libG4interfaces.dylib /Users/Hellfeld/GEANT4.10.2.p1/geant4-install/lib/libG4persistency.dylib /Users/Hellfeld/GEANT4.10.2.p1/geant4-install/lib/libG4analysis.dylib /Users/Hellfeld/GEANT4.10.2.p1/geant4-install/lib/libG4error_propagation.dylib /Users/Hellfeld/GEANT4.10.2.p1/geant4-install/lib/libG4readout.dylib /Users/Hellfeld/GEANT4.10.2.p1/geant4-install/lib/libG4physicslists.dylib /Users/Hellfeld/GEANT4.10.2.p1/geant4-install/lib/libG4parmodels.dylib -L/Users/Hellfeld/ROOT/lib -lCore -lCint -lRIO -lNet -lHist -lGraf -lGraf3d -lGpad -lTree -lRint -lPostscript -lMatrix -lPhysics -lMathCore -lThread -lpthread -Wl,-rpath,/Users/Hellfeld/ROOT/lib -stdlib=libc++ -lm -ldl /Users/Hellfeld/GEANT4.10.2.p1/geant4-install/lib/libG4FR.dylib /Users/Hellfeld/GEANT4.10.2.p1/geant4-install/lib/libG4vis_management.dylib /Users/Hellfeld/GEANT4.10.2.p1/geant4-install/lib/libG4modeling.dylib /opt/local/lib/libX11.dylib /opt/local/lib/libXext.dylib -framework OpenGL /usr/X11R6/lib/libGL.dylib /usr/X11R6/lib/libGLU.dylib /opt/X11/lib/libXmu.dylib /usr/local/octave/3.8.0/lib/libQtOpenGL.dylib /usr/local/octave/3.8.0/lib/libQtGui.dylib /usr/local/octave/3.8.0/lib/libQtCore.dylib /Users/Hellfeld/GEANT4.10.2.p1/geant4-install/lib/libG4run.dylib /Users/Hellfeld/GEANT4.10.2.p1/geant4-install/lib/libG4event.dylib /Users/Hellfeld/GEANT4.10.2.p1/geant4-install/lib/libG4tracking.dylib /Users/Hellfeld/GEANT4.10.2.p1/geant4-install/lib/libG4processes.dylib /Users/Hellfeld/GEANT4.10.2.p1/geant4-install/lib/libG4expat.dylib /Users/Hellfeld/GEANT4.10.2.p1/geant4-install/lib/libG4zlib.dylib /Users/Hellfeld/GEANT4.10.2.p1/geant4-install/lib/libG4digits_hits.dylib /Users/Hellfeld/GEANT4.10.2.p1/geant4-install/lib/libG4track.dylib /Users/Hellfeld/GEANT4.10.2.p1/geant4-install/lib/libG4particles.dylib /Users/Hellfeld/GEANT4.10.2.p1/geant4-install/lib/libG4geometry.dylib /Users/Hellfeld/GEANT4.10.2.p1/geant4-install/lib/libG4materials.dylib /Users/Hellfeld/GEANT4.10.2.p1/geant4-install/lib/libG4graphics_reps.dylib /Users/Hellfeld/GEANT4.10.2.p1/geant4-install/lib/libG4intercoms.dylib /Users/Hellfeld/GEANT4.10.2.p1/geant4-install/lib/libG4global.dylib /Users/Hellfeld/GEANT4.10.2.p1/geant4-install/lib/libG4clhep.dylib";
				OTHER_REZFLAGS = "";
				PRODUCT_NAME = CodedAperture;
				SECTORDER_FLAGS = "";
				SYMROOT = "/Users/Hellfeld/Documents/School/UCB/Research/Coded Aperature/Toy_Imager/HEMI_Sim/xcode";
				USE_HEADERMAP = NO;
				WARNING_CFLAGS = ("-Wmost", "-Wno-four-char-constants", "-Wno-unknown-pragmas", "$(inherited)", );
			};
			name = Release;
		};
		62603BF669394521B4B2BA06 /* Debug */ = {
			isa = XCBuildConfiguration;
			buildSettings = {
				COMBINE_HIDPI_IMAGES = YES;
				GCC_GENERATE_DEBUGGING_SYMBOLS = YES;
				GCC_INLINES_ARE_PRIVATE_EXTERN = NO;
				GCC_OPTIMIZATION_LEVEL = 0;
				GCC_PREPROCESSOR_DEFINITIONS = ("'CMAKE_INTDIR=\"$(CONFIGURATION)$(EFFECTIVE_PLATFORM_NAME)\"'", );
				GCC_SYMBOLS_PRIVATE_EXTERN = NO;
				HEADER_SEARCH_PATHS = ("/Users/Hellfeld/GEANT4.10.2.p1/geant4-install/include/Geant4", /usr/local/octave/3.8.0/include, /usr/local/octave/3.8.0/include/QtCore, /usr/local/octave/3.8.0/include/QtGui, /usr/local/octave/3.8.0/include/QtOpenGL, "\"/Users/Hellfeld/Documents/School/UCB/Research/Coded Aperature/Toy_Imager/HEMI_Sim/include\"", /Users/Hellfeld/ROOT/include, );
				INSTALL_PATH = "";
				OTHER_LDFLAGS = " ";
				OTHER_REZFLAGS = "";
				PRODUCT_NAME = ZERO_CHECK;
				SECTORDER_FLAGS = "";
				SYMROOT = "/Users/Hellfeld/Documents/School/UCB/Research/Coded Aperature/Toy_Imager/HEMI_Sim/xcode";
				USE_HEADERMAP = NO;
				WARNING_CFLAGS = ("-Wmost", "-Wno-four-char-constants", "-Wno-unknown-pragmas", "$(inherited)", );
			};
			name = Debug;
		};
		65929C172E2E49BE9159A523 /* Release */ = {
			isa = XCBuildConfiguration;
			buildSettings = {
				ONLY_ACTIVE_ARCH = YES;
				SDKROOT = /Applications/Xcode.app/Contents/Developer/Platforms/MacOSX.platform/Developer/SDKs/MacOSX10.10.sdk;
				SYMROOT = "/Users/Hellfeld/Documents/School/UCB/Research/Coded Aperature/Toy_Imager/HEMI_Sim/xcode/build";
			};
			name = Release;
		};
		717F8C4228DD4CD7B385D608 /* Debug */ = {
			isa = XCBuildConfiguration;
			buildSettings = {
				COMBINE_HIDPI_IMAGES = YES;
				EXECUTABLE_PREFIX = "";
				EXECUTABLE_SUFFIX = "";
				GCC_GENERATE_DEBUGGING_SYMBOLS = YES;
				GCC_INLINES_ARE_PRIVATE_EXTERN = NO;
				GCC_OPTIMIZATION_LEVEL = 0;
				GCC_PREPROCESSOR_DEFINITIONS = ("'CMAKE_INTDIR=\"$(CONFIGURATION)$(EFFECTIVE_PLATFORM_NAME)\"'", G4_STORE_TRAJECTORY, G4VERBOSE, G4UI_USE, G4VIS_USE, G4UI_USE_TCSH, G4INTY_USE_XT, G4VIS_USE_RAYTRACERX, G4INTY_USE_QT, G4UI_USE_QT, G4VIS_USE_OPENGLQT, G4VIS_USE_OPENGLX, G4VIS_USE_OPENGL, );
				GCC_SYMBOLS_PRIVATE_EXTERN = NO;
				HEADER_SEARCH_PATHS = ("/Users/Hellfeld/GEANT4.10.2.p1/geant4-install/include/Geant4", /usr/local/octave/3.8.0/include, /usr/local/octave/3.8.0/include/QtCore, /usr/local/octave/3.8.0/include/QtGui, /usr/local/octave/3.8.0/include/QtOpenGL, "\"/Users/Hellfeld/Documents/School/UCB/Research/Coded Aperature/Toy_Imager/HEMI_Sim/include\"", /Users/Hellfeld/ROOT/include, );
				INSTALL_PATH = "";
				LD_RUNPATH_SEARCH_PATHS = "/Users/Hellfeld/GEANT4.10.2.p1/geant4-install/lib";
				LIBRARY_SEARCH_PATHS = "";
				OTHER_CPLUSPLUSFLAGS = " -W -Wall -pedantic -Wno-non-virtual-dtor -Wno-long-long -Wwrite-strings -Wpointer-arith -Woverloaded-virtual -Wno-variadic-macros -Wshadow -pipe -Qunused-arguments -stdlib=libc++ -DG4USE_STD11 -std=c++11     -DG4FPE_DEBUG    '-std=c++11'  ";
				OTHER_LDFLAGS = "  -Wl,-search_paths_first -Wl,-headerpad_max_install_names  /Users/Hellfeld/GEANT4.10.2.p1/geant4-install/lib/libG4Tree.dylib /Users/Hellfeld/GEANT4.10.2.p1/geant4-install/lib/libG4GMocren.dylib /Users/Hellfeld/GEANT4.10.2.p1/geant4-install/lib/libG4visHepRep.dylib /Users/Hellfeld/GEANT4.10.2.p1/geant4-install/lib/libG4RayTracer.dylib /Users/Hellfeld/GEANT4.10.2.p1/geant4-install/lib/libG4VRML.dylib /Users/Hellfeld/GEANT4.10.2.p1/geant4-install/lib/libG4OpenGL.dylib /Users/Hellfeld/GEANT4.10.2.p1/geant4-install/lib/libG4gl2ps.dylib /Users/Hellfeld/GEANT4.10.2.p1/geant4-install/lib/libG4interfaces.dylib /Users/Hellfeld/GEANT4.10.2.p1/geant4-install/lib/libG4persistency.dylib /Users/Hellfeld/GEANT4.10.2.p1/geant4-install/lib/libG4analysis.dylib /Users/Hellfeld/GEANT4.10.2.p1/geant4-install/lib/libG4error_propagation.dylib /Users/Hellfeld/GEANT4.10.2.p1/geant4-install/lib/libG4readout.dylib /Users/Hellfeld/GEANT4.10.2.p1/geant4-install/lib/libG4physicslists.dylib /Users/Hellfeld/GEANT4.10.2.p1/geant4-install/lib/libG4parmodels.dylib -L/Users/Hellfeld/ROOT/lib -lCore -lCint -lRIO -lNet -lHist -lGraf -lGraf3d -lGpad -lTree -lRint -lPostscript -lMatrix -lPhysics -lMathCore -lThread -lpthread -Wl,-rpath,/Users/Hellfeld/ROOT/lib -stdlib=libc++ -lm -ldl /Users/Hellfeld/GEANT4.10.2.p1/geant4-install/lib/libG4FR.dylib /Users/Hellfeld/GEANT4.10.2.p1/geant4-install/lib/libG4vis_management.dylib /Users/Hellfeld/GEANT4.10.2.p1/geant4-install/lib/libG4modeling.dylib /opt/local/lib/libX11.dylib /opt/local/lib/libXext.dylib -framework OpenGL /usr/X11R6/lib/libGL.dylib /usr/X11R6/lib/libGLU.dylib /opt/X11/lib/libXmu.dylib /usr/local/octave/3.8.0/lib/libQtOpenGL.dylib /usr/local/octave/3.8.0/lib/libQtGui.dylib /usr/local/octave/3.8.0/lib/libQtCore.dylib /Users/Hellfeld/GEANT4.10.2.p1/geant4-install/lib/libG4run.dylib /Users/Hellfeld/GEANT4.10.2.p1/geant4-install/lib/libG4event.dylib /Users/Hellfeld/GEANT4.10.2.p1/geant4-install/lib/libG4tracking.dylib /Users/Hellfeld/GEANT4.10.2.p1/geant4-install/lib/libG4processes.dylib /Users/Hellfeld/GEANT4.10.2.p1/geant4-install/lib/libG4expat.dylib /Users/Hellfeld/GEANT4.10.2.p1/geant4-install/lib/libG4zlib.dylib /Users/Hellfeld/GEANT4.10.2.p1/geant4-install/lib/libG4digits_hits.dylib /Users/Hellfeld/GEANT4.10.2.p1/geant4-install/lib/libG4track.dylib /Users/Hellfeld/GEANT4.10.2.p1/geant4-install/lib/libG4particles.dylib /Users/Hellfeld/GEANT4.10.2.p1/geant4-install/lib/libG4geometry.dylib /Users/Hellfeld/GEANT4.10.2.p1/geant4-install/lib/libG4materials.dylib /Users/Hellfeld/GEANT4.10.2.p1/geant4-install/lib/libG4graphics_reps.dylib /Users/Hellfeld/GEANT4.10.2.p1/geant4-install/lib/libG4intercoms.dylib /Users/Hellfeld/GEANT4.10.2.p1/geant4-install/lib/libG4global.dylib /Users/Hellfeld/GEANT4.10.2.p1/geant4-install/lib/libG4clhep.dylib";
				OTHER_REZFLAGS = "";
				PRODUCT_NAME = CodedAperture;
				SECTORDER_FLAGS = "";
				SYMROOT = "/Users/Hellfeld/Documents/School/UCB/Research/Coded Aperature/Toy_Imager/HEMI_Sim/xcode";
				USE_HEADERMAP = NO;
				WARNING_CFLAGS = ("-Wmost", "-Wno-four-char-constants", "-Wno-unknown-pragmas", "$(inherited)", );
			};
			name = Debug;
		};
		754DD3E80D0644DB9EF076A2 /* MinSizeRel */ = {
			isa = XCBuildConfiguration;
			buildSettings = {
				ONLY_ACTIVE_ARCH = YES;
				SDKROOT = /Applications/Xcode.app/Contents/Developer/Platforms/MacOSX.platform/Developer/SDKs/MacOSX10.10.sdk;
				SYMROOT = "/Users/Hellfeld/Documents/School/UCB/Research/Coded Aperature/Toy_Imager/HEMI_Sim/xcode/build";
			};
			name = MinSizeRel;
		};
		79D8CA87931A4DF7A6F3A092 /* RelWithDebInfo */ = {
			isa = XCBuildConfiguration;
			buildSettings = {
				COMBINE_HIDPI_IMAGES = YES;
				GCC_GENERATE_DEBUGGING_SYMBOLS = YES;
				GCC_INLINES_ARE_PRIVATE_EXTERN = NO;
				GCC_OPTIMIZATION_LEVEL = 0;
				GCC_PREPROCESSOR_DEFINITIONS = ("'CMAKE_INTDIR=\"$(CONFIGURATION)$(EFFECTIVE_PLATFORM_NAME)\"'", );
				GCC_SYMBOLS_PRIVATE_EXTERN = NO;
				HEADER_SEARCH_PATHS = ("/Users/Hellfeld/GEANT4.10.2.p1/geant4-install/include/Geant4", /usr/local/octave/3.8.0/include, /usr/local/octave/3.8.0/include/QtCore, /usr/local/octave/3.8.0/include/QtGui, /usr/local/octave/3.8.0/include/QtOpenGL, "\"/Users/Hellfeld/Documents/School/UCB/Research/Coded Aperature/Toy_Imager/HEMI_Sim/include\"", /Users/Hellfeld/ROOT/include, );
				INSTALL_PATH = "";
				OTHER_LDFLAGS = " ";
				OTHER_REZFLAGS = "";
				PRODUCT_NAME = ZERO_CHECK;
				SECTORDER_FLAGS = "";
				SYMROOT = "/Users/Hellfeld/Documents/School/UCB/Research/Coded Aperature/Toy_Imager/HEMI_Sim/xcode";
				USE_HEADERMAP = NO;
				WARNING_CFLAGS = ("-Wmost", "-Wno-four-char-constants", "-Wno-unknown-pragmas", "$(inherited)", );
			};
			name = RelWithDebInfo;
		};
		8BE5FB6AFDCF463F96678618 /* Debug */ = {
			isa = XCBuildConfiguration;
			buildSettings = {
				COMBINE_HIDPI_IMAGES = YES;
				GCC_GENERATE_DEBUGGING_SYMBOLS = YES;
				GCC_INLINES_ARE_PRIVATE_EXTERN = NO;
				GCC_OPTIMIZATION_LEVEL = 0;
				GCC_PREPROCESSOR_DEFINITIONS = ("'CMAKE_INTDIR=\"$(CONFIGURATION)$(EFFECTIVE_PLATFORM_NAME)\"'", );
				GCC_SYMBOLS_PRIVATE_EXTERN = NO;
				HEADER_SEARCH_PATHS = ("/Users/Hellfeld/GEANT4.10.2.p1/geant4-install/include/Geant4", /usr/local/octave/3.8.0/include, /usr/local/octave/3.8.0/include/QtCore, /usr/local/octave/3.8.0/include/QtGui, /usr/local/octave/3.8.0/include/QtOpenGL, "\"/Users/Hellfeld/Documents/School/UCB/Research/Coded Aperature/Toy_Imager/HEMI_Sim/include\"", /Users/Hellfeld/ROOT/include, );
				INSTALL_PATH = "";
				OTHER_LDFLAGS = " ";
				OTHER_REZFLAGS = "";
				PRODUCT_NAME = ALL_BUILD;
				SECTORDER_FLAGS = "";
				SYMROOT = "/Users/Hellfeld/Documents/School/UCB/Research/Coded Aperature/Toy_Imager/HEMI_Sim/xcode";
				USE_HEADERMAP = NO;
				WARNING_CFLAGS = ("-Wmost", "-Wno-four-char-constants", "-Wno-unknown-pragmas", "$(inherited)", );
			};
			name = Debug;
		};
		8F49A6DD0B004C3691D451AD /* MinSizeRel */ = {
			isa = XCBuildConfiguration;
			buildSettings = {
				COMBINE_HIDPI_IMAGES = YES;
				GCC_GENERATE_DEBUGGING_SYMBOLS = YES;
				GCC_INLINES_ARE_PRIVATE_EXTERN = NO;
				GCC_OPTIMIZATION_LEVEL = 0;
				GCC_PREPROCESSOR_DEFINITIONS = ("'CMAKE_INTDIR=\"$(CONFIGURATION)$(EFFECTIVE_PLATFORM_NAME)\"'", );
				GCC_SYMBOLS_PRIVATE_EXTERN = NO;
				HEADER_SEARCH_PATHS = ("/Users/Hellfeld/GEANT4.10.2.p1/geant4-install/include/Geant4", /usr/local/octave/3.8.0/include, /usr/local/octave/3.8.0/include/QtCore, /usr/local/octave/3.8.0/include/QtGui, /usr/local/octave/3.8.0/include/QtOpenGL, "\"/Users/Hellfeld/Documents/School/UCB/Research/Coded Aperature/Toy_Imager/HEMI_Sim/include\"", /Users/Hellfeld/ROOT/include, );
				INSTALL_PATH = "";
				OTHER_LDFLAGS = " ";
				OTHER_REZFLAGS = "";
				PRODUCT_NAME = ZERO_CHECK;
				SECTORDER_FLAGS = "";
				SYMROOT = "/Users/Hellfeld/Documents/School/UCB/Research/Coded Aperature/Toy_Imager/HEMI_Sim/xcode";
				USE_HEADERMAP = NO;
				WARNING_CFLAGS = ("-Wmost", "-Wno-four-char-constants", "-Wno-unknown-pragmas", "$(inherited)", );
			};
			name = MinSizeRel;
		};
		91340162420047799D711E22 /* Release */ = {
			isa = XCBuildConfiguration;
			buildSettings = {
				COMBINE_HIDPI_IMAGES = YES;
				GCC_GENERATE_DEBUGGING_SYMBOLS = YES;
				GCC_INLINES_ARE_PRIVATE_EXTERN = NO;
				GCC_OPTIMIZATION_LEVEL = 0;
				GCC_PREPROCESSOR_DEFINITIONS = ("'CMAKE_INTDIR=\"$(CONFIGURATION)$(EFFECTIVE_PLATFORM_NAME)\"'", );
				GCC_SYMBOLS_PRIVATE_EXTERN = NO;
				HEADER_SEARCH_PATHS = ("/Users/Hellfeld/GEANT4.10.2.p1/geant4-install/include/Geant4", /usr/local/octave/3.8.0/include, /usr/local/octave/3.8.0/include/QtCore, /usr/local/octave/3.8.0/include/QtGui, /usr/local/octave/3.8.0/include/QtOpenGL, "\"/Users/Hellfeld/Documents/School/UCB/Research/Coded Aperature/Toy_Imager/HEMI_Sim/include\"", /Users/Hellfeld/ROOT/include, );
				INSTALL_PATH = "";
				OTHER_LDFLAGS = " ";
				OTHER_REZFLAGS = "";
				PRODUCT_NAME = ZERO_CHECK;
				SECTORDER_FLAGS = "";
				SYMROOT = "/Users/Hellfeld/Documents/School/UCB/Research/Coded Aperature/Toy_Imager/HEMI_Sim/xcode";
				USE_HEADERMAP = NO;
				WARNING_CFLAGS = ("-Wmost", "-Wno-four-char-constants", "-Wno-unknown-pragmas", "$(inherited)", );
			};
			name = Release;
		};
		A4F2D700CFD147F9BB1153C1 /* Release */ = {
			isa = XCBuildConfiguration;
			buildSettings = {
				COMBINE_HIDPI_IMAGES = YES;
				GCC_GENERATE_DEBUGGING_SYMBOLS = YES;
				GCC_INLINES_ARE_PRIVATE_EXTERN = NO;
				GCC_OPTIMIZATION_LEVEL = 0;
				GCC_PREPROCESSOR_DEFINITIONS = ("'CMAKE_INTDIR=\"$(CONFIGURATION)$(EFFECTIVE_PLATFORM_NAME)\"'", );
				GCC_SYMBOLS_PRIVATE_EXTERN = NO;
				HEADER_SEARCH_PATHS = ("/Users/Hellfeld/GEANT4.10.2.p1/geant4-install/include/Geant4", /usr/local/octave/3.8.0/include, /usr/local/octave/3.8.0/include/QtCore, /usr/local/octave/3.8.0/include/QtGui, /usr/local/octave/3.8.0/include/QtOpenGL, "\"/Users/Hellfeld/Documents/School/UCB/Research/Coded Aperature/Toy_Imager/HEMI_Sim/include\"", /Users/Hellfeld/ROOT/include, );
				INSTALL_PATH = "";
				OTHER_LDFLAGS = " ";
				OTHER_REZFLAGS = "";
				PRODUCT_NAME = ALL_BUILD;
				SECTORDER_FLAGS = "";
				SYMROOT = "/Users/Hellfeld/Documents/School/UCB/Research/Coded Aperature/Toy_Imager/HEMI_Sim/xcode";
				USE_HEADERMAP = NO;
				WARNING_CFLAGS = ("-Wmost", "-Wno-four-char-constants", "-Wno-unknown-pragmas", "$(inherited)", );
			};
			name = Release;
		};
		E19C8A3B13A64BD686734410 /* RelWithDebInfo */ = {
			isa = XCBuildConfiguration;
			buildSettings = {
				COMBINE_HIDPI_IMAGES = YES;
				GCC_GENERATE_DEBUGGING_SYMBOLS = YES;
				GCC_INLINES_ARE_PRIVATE_EXTERN = NO;
				GCC_OPTIMIZATION_LEVEL = 0;
				GCC_PREPROCESSOR_DEFINITIONS = ("'CMAKE_INTDIR=\"$(CONFIGURATION)$(EFFECTIVE_PLATFORM_NAME)\"'", );
				GCC_SYMBOLS_PRIVATE_EXTERN = NO;
				HEADER_SEARCH_PATHS = ("/Users/Hellfeld/GEANT4.10.2.p1/geant4-install/include/Geant4", /usr/local/octave/3.8.0/include, /usr/local/octave/3.8.0/include/QtCore, /usr/local/octave/3.8.0/include/QtGui, /usr/local/octave/3.8.0/include/QtOpenGL, "\"/Users/Hellfeld/Documents/School/UCB/Research/Coded Aperature/Toy_Imager/HEMI_Sim/include\"", /Users/Hellfeld/ROOT/include, );
				INSTALL_PATH = "";
				OTHER_LDFLAGS = " ";
				OTHER_REZFLAGS = "";
				PRODUCT_NAME = ALL_BUILD;
				SECTORDER_FLAGS = "";
				SYMROOT = "/Users/Hellfeld/Documents/School/UCB/Research/Coded Aperature/Toy_Imager/HEMI_Sim/xcode";
				USE_HEADERMAP = NO;
				WARNING_CFLAGS = ("-Wmost", "-Wno-four-char-constants", "-Wno-unknown-pragmas", "$(inherited)", );
			};
			name = RelWithDebInfo;
		};
		F88CA153A34644E8B5C27849 /* RelWithDebInfo */ = {
			isa = XCBuildConfiguration;
			buildSettings = {
				ONLY_ACTIVE_ARCH = YES;
				SDKROOT = /Applications/Xcode.app/Contents/Developer/Platforms/MacOSX.platform/Developer/SDKs/MacOSX10.10.sdk;
				SYMROOT = "/Users/Hellfeld/Documents/School/UCB/Research/Coded Aperature/Toy_Imager/HEMI_Sim/xcode/build";
			};
			name = RelWithDebInfo;
		};
		FD0629F4FE1E45E7A74CC97D /* RelWithDebInfo */ = {
			isa = XCBuildConfiguration;
			buildSettings = {
				COMBINE_HIDPI_IMAGES = YES;
				EXECUTABLE_PREFIX = "";
				EXECUTABLE_SUFFIX = "";
				GCC_GENERATE_DEBUGGING_SYMBOLS = YES;
				GCC_INLINES_ARE_PRIVATE_EXTERN = NO;
				GCC_OPTIMIZATION_LEVEL = 2;
				GCC_PREPROCESSOR_DEFINITIONS = ("'CMAKE_INTDIR=\"$(CONFIGURATION)$(EFFECTIVE_PLATFORM_NAME)\"'", G4_STORE_TRAJECTORY, G4VERBOSE, G4UI_USE, G4VIS_USE, G4UI_USE_TCSH, G4INTY_USE_XT, G4VIS_USE_RAYTRACERX, G4INTY_USE_QT, G4UI_USE_QT, G4VIS_USE_OPENGLQT, G4VIS_USE_OPENGLX, G4VIS_USE_OPENGL, );
				GCC_SYMBOLS_PRIVATE_EXTERN = NO;
				HEADER_SEARCH_PATHS = ("/Users/Hellfeld/GEANT4.10.2.p1/geant4-install/include/Geant4", /usr/local/octave/3.8.0/include, /usr/local/octave/3.8.0/include/QtCore, /usr/local/octave/3.8.0/include/QtGui, /usr/local/octave/3.8.0/include/QtOpenGL, "\"/Users/Hellfeld/Documents/School/UCB/Research/Coded Aperature/Toy_Imager/HEMI_Sim/include\"", /Users/Hellfeld/ROOT/include, );
				INSTALL_PATH = "";
				LD_RUNPATH_SEARCH_PATHS = "/Users/Hellfeld/GEANT4.10.2.p1/geant4-install/lib";
				LIBRARY_SEARCH_PATHS = "";
				OTHER_CPLUSPLUSFLAGS = " -W -Wall -pedantic -Wno-non-virtual-dtor -Wno-long-long -Wwrite-strings -Wpointer-arith -Woverloaded-virtual -Wno-variadic-macros -Wshadow -pipe -Qunused-arguments -stdlib=libc++ -DG4USE_STD11 -std=c++11                -DNDEBUG '-std=c++11'  ";
				OTHER_LDFLAGS = "  -Wl,-search_paths_first -Wl,-headerpad_max_install_names  /Users/Hellfeld/GEANT4.10.2.p1/geant4-install/lib/libG4Tree.dylib /Users/Hellfeld/GEANT4.10.2.p1/geant4-install/lib/libG4GMocren.dylib /Users/Hellfeld/GEANT4.10.2.p1/geant4-install/lib/libG4visHepRep.dylib /Users/Hellfeld/GEANT4.10.2.p1/geant4-install/lib/libG4RayTracer.dylib /Users/Hellfeld/GEANT4.10.2.p1/geant4-install/lib/libG4VRML.dylib /Users/Hellfeld/GEANT4.10.2.p1/geant4-install/lib/libG4OpenGL.dylib /Users/Hellfeld/GEANT4.10.2.p1/geant4-install/lib/libG4gl2ps.dylib /Users/Hellfeld/GEANT4.10.2.p1/geant4-install/lib/libG4interfaces.dylib /Users/Hellfeld/GEANT4.10.2.p1/geant4-install/lib/libG4persistency.dylib /Users/Hellfeld/GEANT4.10.2.p1/geant4-install/lib/libG4analysis.dylib /Users/Hellfeld/GEANT4.10.2.p1/geant4-install/lib/libG4error_propagation.dylib /Users/Hellfeld/GEANT4.10.2.p1/geant4-install/lib/libG4readout.dylib /Users/Hellfeld/GEANT4.10.2.p1/geant4-install/lib/libG4physicslists.dylib /Users/Hellfeld/GEANT4.10.2.p1/geant4-install/lib/libG4parmodels.dylib -L/Users/Hellfeld/ROOT/lib -lCore -lCint -lRIO -lNet -lHist -lGraf -lGraf3d -lGpad -lTree -lRint -lPostscript -lMatrix -lPhysics -lMathCore -lThread -lpthread -Wl,-rpath,/Users/Hellfeld/ROOT/lib -stdlib=libc++ -lm -ldl /Users/Hellfeld/GEANT4.10.2.p1/geant4-install/lib/libG4FR.dylib /Users/Hellfeld/GEANT4.10.2.p1/geant4-install/lib/libG4vis_management.dylib /Users/Hellfeld/GEANT4.10.2.p1/geant4-install/lib/libG4modeling.dylib /opt/local/lib/libX11.dylib /opt/local/lib/libXext.dylib -framework OpenGL /usr/X11R6/lib/libGL.dylib /usr/X11R6/lib/libGLU.dylib /opt/X11/lib/libXmu.dylib /usr/local/octave/3.8.0/lib/libQtOpenGL.dylib /usr/local/octave/3.8.0/lib/libQtGui.dylib /usr/local/octave/3.8.0/lib/libQtCore.dylib /Users/Hellfeld/GEANT4.10.2.p1/geant4-install/lib/libG4run.dylib /Users/Hellfeld/GEANT4.10.2.p1/geant4-install/lib/libG4event.dylib /Users/Hellfeld/GEANT4.10.2.p1/geant4-install/lib/libG4tracking.dylib /Users/Hellfeld/GEANT4.10.2.p1/geant4-install/lib/libG4processes.dylib /Users/Hellfeld/GEANT4.10.2.p1/geant4-install/lib/libG4expat.dylib /Users/Hellfeld/GEANT4.10.2.p1/geant4-install/lib/libG4zlib.dylib /Users/Hellfeld/GEANT4.10.2.p1/geant4-install/lib/libG4digits_hits.dylib /Users/Hellfeld/GEANT4.10.2.p1/geant4-install/lib/libG4track.dylib /Users/Hellfeld/GEANT4.10.2.p1/geant4-install/lib/libG4particles.dylib /Users/Hellfeld/GEANT4.10.2.p1/geant4-install/lib/libG4geometry.dylib /Users/Hellfeld/GEANT4.10.2.p1/geant4-install/lib/libG4materials.dylib /Users/Hellfeld/GEANT4.10.2.p1/geant4-install/lib/libG4graphics_reps.dylib /Users/Hellfeld/GEANT4.10.2.p1/geant4-install/lib/libG4intercoms.dylib /Users/Hellfeld/GEANT4.10.2.p1/geant4-install/lib/libG4global.dylib /Users/Hellfeld/GEANT4.10.2.p1/geant4-install/lib/libG4clhep.dylib";
				OTHER_REZFLAGS = "";
				PRODUCT_NAME = CodedAperture;
				SECTORDER_FLAGS = "";
				SYMROOT = "/Users/Hellfeld/Documents/School/UCB/Research/Coded Aperature/Toy_Imager/HEMI_Sim/xcode";
				USE_HEADERMAP = NO;
				WARNING_CFLAGS = ("-Wmost", "-Wno-four-char-constants", "-Wno-unknown-pragmas", "$(inherited)", );
			};
			name = RelWithDebInfo;
		};
/* End XCBuildConfiguration section */

/* Begin XCConfigurationList section */
		08F5AD95D237488C9FD1B748 /* Build configuration list for PBXNativeTarget "CodedAperture" */ = {
			isa = XCConfigurationList;
			buildConfigurations = (
				717F8C4228DD4CD7B385D608 /* Debug */,
				5E461A48A2D74781813D25FE /* Release */,
				526F35D6E9F64EB1B7BC4FEB /* MinSizeRel */,
				FD0629F4FE1E45E7A74CC97D /* RelWithDebInfo */,
			);
			defaultConfigurationIsVisible = 0;
			defaultConfigurationName = Debug;
		};
		1B8CA7E55E03466C9EDC1908 /* Build configuration list for PBXAggregateTarget "ZERO_CHECK" */ = {
			isa = XCConfigurationList;
			buildConfigurations = (
				62603BF669394521B4B2BA06 /* Debug */,
				91340162420047799D711E22 /* Release */,
				8F49A6DD0B004C3691D451AD /* MinSizeRel */,
				79D8CA87931A4DF7A6F3A092 /* RelWithDebInfo */,
			);
			defaultConfigurationIsVisible = 0;
			defaultConfigurationName = Debug;
		};
		2EDCA6C20242418E87E49391 /* Build configuration list for PBXProject "CodedAperture" */ = {
			isa = XCConfigurationList;
			buildConfigurations = (
				523154787FAC46E98881C39B /* Debug */,
				65929C172E2E49BE9159A523 /* Release */,
				754DD3E80D0644DB9EF076A2 /* MinSizeRel */,
				F88CA153A34644E8B5C27849 /* RelWithDebInfo */,
			);
			defaultConfigurationIsVisible = 0;
			defaultConfigurationName = Debug;
		};
		5E3F8F1BD78F4C4FB40BC00C /* Build configuration list for PBXAggregateTarget "ALL_BUILD" */ = {
			isa = XCConfigurationList;
			buildConfigurations = (
				8BE5FB6AFDCF463F96678618 /* Debug */,
				A4F2D700CFD147F9BB1153C1 /* Release */,
				05253756CF0C4328A071AA38 /* MinSizeRel */,
				E19C8A3B13A64BD686734410 /* RelWithDebInfo */,
			);
			defaultConfigurationIsVisible = 0;
			defaultConfigurationName = Debug;
		};
/* End XCConfigurationList section */
	};
	rootObject = 8F1BB13BBD0B406E8E37687F /* Project object */;
}
