// !$*UTF8*$!
{
	archiveVersion = 1;
	classes = {
	};
	objectVersion = 46;
	objects = {

/* Begin PBXAggregateTarget section */
		98035ACD390447F8BABB8BC8 /* ALL_BUILD */ = {
			isa = PBXAggregateTarget;
			buildConfigurationList = 2A994760CA5A486B8153ACD6 /* Build configuration list for PBXAggregateTarget "ALL_BUILD" */;
			buildPhases = (
				490D13A2FC4045D9836E83EE /* CMake Rules */,
			);
			dependencies = (
				AA99D16504B24CEFA70F0368 /* PBXTargetDependency */,
				C93E9C58764B4066B94F1366 /* PBXTargetDependency */,
			);
			name = ALL_BUILD;
			productName = ALL_BUILD;
		};
		EBFBC6C67FFA4411889653AC /* ZERO_CHECK */ = {
			isa = PBXAggregateTarget;
			buildConfigurationList = 3C0F041E3B424E879337A84F /* Build configuration list for PBXAggregateTarget "ZERO_CHECK" */;
			buildPhases = (
				87442AAB00464CE19629B6A1 /* CMake Rules */,
			);
			dependencies = (
			);
			name = ZERO_CHECK;
			productName = ZERO_CHECK;
		};
/* End PBXAggregateTarget section */

/* Begin PBXBuildFile section */
		0CAA49DCDA7D4B8EBEC0A7A8 /* /Users/Hellfeld/Documents/School/UCB/Research/Coded Aperature/Toy_Imager/PRISM_Sim/CodedAperture.cc */ = {isa = PBXBuildFile; fileRef = 27E81538C2884731A544C33C /* /Users/Hellfeld/Documents/School/UCB/Research/Coded Aperature/Toy_Imager/PRISM_Sim/CodedAperture.cc */; settings = {COMPILER_FLAGS = ""; }; };
		0E43F8A887A44417A59B1853 /* /Users/Hellfeld/Documents/School/UCB/Research/Coded Aperature/Toy_Imager/PRISM_Sim/src/TrackingAction.cc */ = {isa = PBXBuildFile; fileRef = 82FF65C264D6488DB3FA2F27 /* /Users/Hellfeld/Documents/School/UCB/Research/Coded Aperature/Toy_Imager/PRISM_Sim/src/TrackingAction.cc */; settings = {COMPILER_FLAGS = ""; }; };
		1799CB453DD14168AAEF2887 /* /Users/Hellfeld/Documents/School/UCB/Research/Coded Aperature/Toy_Imager/PRISM_Sim/include/TrackingAction.hh */ = {isa = PBXBuildFile; fileRef = 846467AAA8324552A8DD9DDE /* /Users/Hellfeld/Documents/School/UCB/Research/Coded Aperature/Toy_Imager/PRISM_Sim/include/TrackingAction.hh */; settings = {COMPILER_FLAGS = ""; }; };
		23D4C8318B4542918EDB2E07 /* /Users/Hellfeld/Documents/School/UCB/Research/Coded Aperature/Toy_Imager/PRISM_Sim/include/EventAction.hh */ = {isa = PBXBuildFile; fileRef = 876E82A696DF4FE896094A50 /* /Users/Hellfeld/Documents/School/UCB/Research/Coded Aperature/Toy_Imager/PRISM_Sim/include/EventAction.hh */; settings = {COMPILER_FLAGS = ""; }; };
		29978767D9DC4FD08B5AC1A0 /* /Users/Hellfeld/Documents/School/UCB/Research/Coded Aperature/Toy_Imager/PRISM_Sim/include/DetectorConstructionMessenger.hh */ = {isa = PBXBuildFile; fileRef = EA540B4D6F6A4E9088D025D8 /* /Users/Hellfeld/Documents/School/UCB/Research/Coded Aperature/Toy_Imager/PRISM_Sim/include/DetectorConstructionMessenger.hh */; settings = {COMPILER_FLAGS = ""; }; };
		2B557CE4F76445F3902B8225 /* /Users/Hellfeld/Documents/School/UCB/Research/Coded Aperature/Toy_Imager/PRISM_Sim/include/PrimaryGeneratorActionMessenger.hh */ = {isa = PBXBuildFile; fileRef = 48F9508ABEB041B1A84E04C9 /* /Users/Hellfeld/Documents/School/UCB/Research/Coded Aperature/Toy_Imager/PRISM_Sim/include/PrimaryGeneratorActionMessenger.hh */; settings = {COMPILER_FLAGS = ""; }; };
		31B1BC196D904E178414BD36 /* /Users/Hellfeld/Documents/School/UCB/Research/Coded Aperature/Toy_Imager/PRISM_Sim/src/PrimaryGeneratorAction.cc */ = {isa = PBXBuildFile; fileRef = C01A4BF1824748B8A0EBB3EE /* /Users/Hellfeld/Documents/School/UCB/Research/Coded Aperature/Toy_Imager/PRISM_Sim/src/PrimaryGeneratorAction.cc */; settings = {COMPILER_FLAGS = ""; }; };
		472195484A614EFA977EA6DE /* /Users/Hellfeld/Documents/School/UCB/Research/Coded Aperature/Toy_Imager/PRISM_Sim/src/RunAction.cc */ = {isa = PBXBuildFile; fileRef = D463A21B6F744C40890397A0 /* /Users/Hellfeld/Documents/School/UCB/Research/Coded Aperature/Toy_Imager/PRISM_Sim/src/RunAction.cc */; settings = {COMPILER_FLAGS = ""; }; };
		4DBBE1F87BE7435A81424E31 /* /Users/Hellfeld/Documents/School/UCB/Research/Coded Aperature/Toy_Imager/PRISM_Sim/include/PhysicsList.hh */ = {isa = PBXBuildFile; fileRef = 6A369E3BD1AF47ED8352B6E8 /* /Users/Hellfeld/Documents/School/UCB/Research/Coded Aperature/Toy_Imager/PRISM_Sim/include/PhysicsList.hh */; settings = {COMPILER_FLAGS = ""; }; };
		4EA38140AECE442C8F8B1DF0 /* /Users/Hellfeld/Documents/School/UCB/Research/Coded Aperature/Toy_Imager/PRISM_Sim/include/DetectorConstruction.hh */ = {isa = PBXBuildFile; fileRef = 9C1CD42E89364793BD67DE19 /* /Users/Hellfeld/Documents/School/UCB/Research/Coded Aperature/Toy_Imager/PRISM_Sim/include/DetectorConstruction.hh */; settings = {COMPILER_FLAGS = ""; }; };
		57945B6F606448AFB82A585C /* /Users/Hellfeld/Documents/School/UCB/Research/Coded Aperature/Toy_Imager/PRISM_Sim/src/PrimaryGeneratorActionMessenger.cc */ = {isa = PBXBuildFile; fileRef = FFA286BBA82E4BD3B6830DF1 /* /Users/Hellfeld/Documents/School/UCB/Research/Coded Aperature/Toy_Imager/PRISM_Sim/src/PrimaryGeneratorActionMessenger.cc */; settings = {COMPILER_FLAGS = ""; }; };
		61B42AA35E18411FB896CF15 /* /Users/Hellfeld/Documents/School/UCB/Research/Coded Aperature/Toy_Imager/PRISM_Sim/src/StackingAction.cc */ = {isa = PBXBuildFile; fileRef = 70C555864FB041AC95D44E85 /* /Users/Hellfeld/Documents/School/UCB/Research/Coded Aperature/Toy_Imager/PRISM_Sim/src/StackingAction.cc */; settings = {COMPILER_FLAGS = ""; }; };
		861D8C2AFF0C4330B5772334 /* /Users/Hellfeld/Documents/School/UCB/Research/Coded Aperature/Toy_Imager/PRISM_Sim/src/EventAction.cc */ = {isa = PBXBuildFile; fileRef = E9D8FFA834D540369AEC36DA /* /Users/Hellfeld/Documents/School/UCB/Research/Coded Aperature/Toy_Imager/PRISM_Sim/src/EventAction.cc */; settings = {COMPILER_FLAGS = ""; }; };
		8ACE54AA50624D0A8F7BA66C /* /Users/Hellfeld/Documents/School/UCB/Research/Coded Aperature/Toy_Imager/PRISM_Sim/src/PhysicsList.cc */ = {isa = PBXBuildFile; fileRef = 3E1E8E773B5D4A62ADE2E378 /* /Users/Hellfeld/Documents/School/UCB/Research/Coded Aperature/Toy_Imager/PRISM_Sim/src/PhysicsList.cc */; settings = {COMPILER_FLAGS = ""; }; };
		8FFF93C9E1F444488AA1F8D6 /* /Users/Hellfeld/Documents/School/UCB/Research/Coded Aperature/Toy_Imager/PRISM_Sim/src/SensitiveDetector.cc */ = {isa = PBXBuildFile; fileRef = 73DEEAAEBDC74DF1A001D78E /* /Users/Hellfeld/Documents/School/UCB/Research/Coded Aperature/Toy_Imager/PRISM_Sim/src/SensitiveDetector.cc */; settings = {COMPILER_FLAGS = ""; }; };
		9034C3720F744C5187FD3579 /* /Users/Hellfeld/Documents/School/UCB/Research/Coded Aperature/Toy_Imager/PRISM_Sim/include/RunAction.hh */ = {isa = PBXBuildFile; fileRef = 51F6D95E20024919B90C51AD /* /Users/Hellfeld/Documents/School/UCB/Research/Coded Aperature/Toy_Imager/PRISM_Sim/include/RunAction.hh */; settings = {COMPILER_FLAGS = ""; }; };
		9082B10DBA484925821A1830 /* /Users/Hellfeld/Documents/School/UCB/Research/Coded Aperature/Toy_Imager/PRISM_Sim/src/Hit.cc */ = {isa = PBXBuildFile; fileRef = 0077EE2C7C43401F8BF88243 /* /Users/Hellfeld/Documents/School/UCB/Research/Coded Aperature/Toy_Imager/PRISM_Sim/src/Hit.cc */; settings = {COMPILER_FLAGS = ""; }; };
		90DFC192D42A40318D110996 /* /Users/Hellfeld/Documents/School/UCB/Research/Coded Aperature/Toy_Imager/PRISM_Sim/src/StackingActionMessenger.cc */ = {isa = PBXBuildFile; fileRef = 4AFE31644CB24CEDB042C130 /* /Users/Hellfeld/Documents/School/UCB/Research/Coded Aperature/Toy_Imager/PRISM_Sim/src/StackingActionMessenger.cc */; settings = {COMPILER_FLAGS = ""; }; };
		BEE8992F66A24476AFCCF2BB /* /Users/Hellfeld/Documents/School/UCB/Research/Coded Aperature/Toy_Imager/PRISM_Sim/include/StackingAction.hh */ = {isa = PBXBuildFile; fileRef = 7C34818C86DE4FB4865A7B70 /* /Users/Hellfeld/Documents/School/UCB/Research/Coded Aperature/Toy_Imager/PRISM_Sim/include/StackingAction.hh */; settings = {COMPILER_FLAGS = ""; }; };
		C4D222DBE3044EF48E7A326F /* /Users/Hellfeld/Documents/School/UCB/Research/Coded Aperature/Toy_Imager/PRISM_Sim/src/DetectorConstructionMessenger.cc */ = {isa = PBXBuildFile; fileRef = 6C68162034C847DFAE71545B /* /Users/Hellfeld/Documents/School/UCB/Research/Coded Aperature/Toy_Imager/PRISM_Sim/src/DetectorConstructionMessenger.cc */; settings = {COMPILER_FLAGS = ""; }; };
		C96B713535D34820B9DD52A2 /* /Users/Hellfeld/Documents/School/UCB/Research/Coded Aperature/Toy_Imager/PRISM_Sim/src/ActionInitialization.cc */ = {isa = PBXBuildFile; fileRef = 57DF8F32C96549CABF9ACAA1 /* /Users/Hellfeld/Documents/School/UCB/Research/Coded Aperature/Toy_Imager/PRISM_Sim/src/ActionInitialization.cc */; settings = {COMPILER_FLAGS = ""; }; };
		D624F5920FD649B09F4B9609 /* /Users/Hellfeld/Documents/School/UCB/Research/Coded Aperature/Toy_Imager/PRISM_Sim/src/DetectorConstruction.cc */ = {isa = PBXBuildFile; fileRef = 2A58DB5C8FCC4D0CBA3CEA79 /* /Users/Hellfeld/Documents/School/UCB/Research/Coded Aperature/Toy_Imager/PRISM_Sim/src/DetectorConstruction.cc */; settings = {COMPILER_FLAGS = ""; }; };
		DCD4F6228B4C49598F153406 /* /Users/Hellfeld/Documents/School/UCB/Research/Coded Aperature/Toy_Imager/PRISM_Sim/include/PrimaryGeneratorAction.hh */ = {isa = PBXBuildFile; fileRef = 05280483A1A94EA4A6985687 /* /Users/Hellfeld/Documents/School/UCB/Research/Coded Aperature/Toy_Imager/PRISM_Sim/include/PrimaryGeneratorAction.hh */; settings = {COMPILER_FLAGS = ""; }; };
		EC43EF6BE5D94E8A8EA871AF /* /Users/Hellfeld/Documents/School/UCB/Research/Coded Aperature/Toy_Imager/PRISM_Sim/include/ActionInitialization.hh */ = {isa = PBXBuildFile; fileRef = EC42D35EE1624D5E921084C9 /* /Users/Hellfeld/Documents/School/UCB/Research/Coded Aperature/Toy_Imager/PRISM_Sim/include/ActionInitialization.hh */; settings = {COMPILER_FLAGS = ""; }; };
		EDF168A3925842CF940E5EEF /* /Users/Hellfeld/Documents/School/UCB/Research/Coded Aperature/Toy_Imager/PRISM_Sim/include/Hit.hh */ = {isa = PBXBuildFile; fileRef = EFDD00FF1BFC405A86EA00E5 /* /Users/Hellfeld/Documents/School/UCB/Research/Coded Aperature/Toy_Imager/PRISM_Sim/include/Hit.hh */; settings = {COMPILER_FLAGS = ""; }; };
		EEDDBDE7D9994AA891EB6CD6 /* /Users/Hellfeld/Documents/School/UCB/Research/Coded Aperature/Toy_Imager/PRISM_Sim/include/StackingActionMessenger.hh */ = {isa = PBXBuildFile; fileRef = 47EC1AAE4BB04373AA2E8249 /* /Users/Hellfeld/Documents/School/UCB/Research/Coded Aperature/Toy_Imager/PRISM_Sim/include/StackingActionMessenger.hh */; settings = {COMPILER_FLAGS = ""; }; };
		F319C22BD1244E73B8153AD7 /* /Users/Hellfeld/Documents/School/UCB/Research/Coded Aperature/Toy_Imager/PRISM_Sim/CMakeLists.txt */ = {isa = PBXBuildFile; fileRef = BBC1ED6C3D0D4FB3B69C29A7 /* /Users/Hellfeld/Documents/School/UCB/Research/Coded Aperature/Toy_Imager/PRISM_Sim/CMakeLists.txt */; settings = {COMPILER_FLAGS = ""; }; };
		F759E3EC3AEF47368E3D6B67 /* /Users/Hellfeld/Documents/School/UCB/Research/Coded Aperature/Toy_Imager/PRISM_Sim/include/SensitiveDetector.hh */ = {isa = PBXBuildFile; fileRef = 8BA400DB9225445983D9DE3C /* /Users/Hellfeld/Documents/School/UCB/Research/Coded Aperature/Toy_Imager/PRISM_Sim/include/SensitiveDetector.hh */; settings = {COMPILER_FLAGS = ""; }; };
		F7A4A06D3E3747E5A4363256 /* /Users/Hellfeld/Documents/School/UCB/Research/Coded Aperature/Toy_Imager/PRISM_Sim/include/SteppingAction.hh */ = {isa = PBXBuildFile; fileRef = 8D725015521E4F6FB8D9EFC6 /* /Users/Hellfeld/Documents/School/UCB/Research/Coded Aperature/Toy_Imager/PRISM_Sim/include/SteppingAction.hh */; settings = {COMPILER_FLAGS = ""; }; };
		FB6AAADC097D45E19C93E0F7 /* /Users/Hellfeld/Documents/School/UCB/Research/Coded Aperature/Toy_Imager/PRISM_Sim/src/SteppingAction.cc */ = {isa = PBXBuildFile; fileRef = A04CD0935B3B4BADB1D1BD36 /* /Users/Hellfeld/Documents/School/UCB/Research/Coded Aperature/Toy_Imager/PRISM_Sim/src/SteppingAction.cc */; settings = {COMPILER_FLAGS = ""; }; };
/* End PBXBuildFile section */

/* Begin PBXBuildStyle section */
		082A0719241949C9B943833C /* MinSizeRel */ = {
			isa = PBXBuildStyle;
			buildSettings = {
				COPY_PHASE_STRIP = NO;
			};
			name = MinSizeRel;
		};
		50C0857B4F534380AABABE18 /* RelWithDebInfo */ = {
			isa = PBXBuildStyle;
			buildSettings = {
				COPY_PHASE_STRIP = NO;
			};
			name = RelWithDebInfo;
		};
		C1E1CB169D884F8DBD1C8116 = {
			isa = PBXBuildStyle;
		};
		CF01983B446549C592708B06 /* Release */ = {
			isa = PBXBuildStyle;
			buildSettings = {
				COPY_PHASE_STRIP = NO;
			};
			name = Release;
		};
		F41CE290FA94436383A71CD6 /* Debug */ = {
			isa = PBXBuildStyle;
			buildSettings = {
				COPY_PHASE_STRIP = NO;
			};
			name = Debug;
		};
/* End PBXBuildStyle section */

/* Begin PBXContainerItemProxy section */
		1944ED7A9B624E0CB7219051 /* PBXContainerItemProxy */ = {
			isa = PBXContainerItemProxy;
			containerPortal = 5414B58A2DB745EFAC874CF9 /* Project object */;
			proxyType = 1;
			remoteGlobalIDString = EBFBC6C67FFA4411889653AC;
			remoteInfo = ZERO_CHECK;
		};
		6182135E182644F39EE7688E /* PBXContainerItemProxy */ = {
			isa = PBXContainerItemProxy;
			containerPortal = 5414B58A2DB745EFAC874CF9 /* Project object */;
			proxyType = 1;
			remoteGlobalIDString = EBFBC6C67FFA4411889653AC;
			remoteInfo = ZERO_CHECK;
		};
		7C92AD7117564BC284D8BDF2 /* PBXContainerItemProxy */ = {
			isa = PBXContainerItemProxy;
			containerPortal = 5414B58A2DB745EFAC874CF9 /* Project object */;
			proxyType = 1;
			remoteGlobalIDString = 20E2BAD1479C4242A335E700;
			remoteInfo = CodedAperture;
		};
/* End PBXContainerItemProxy section */

/* Begin PBXFileReference section */
		0077EE2C7C43401F8BF88243 /* /Users/Hellfeld/Documents/School/UCB/Research/Coded Aperature/Toy_Imager/PRISM_Sim/src/Hit.cc */ = {isa = PBXFileReference; explicitFileType = sourcecode.cpp.cpp; fileEncoding = 4; name = Hit.cc; path = src/Hit.cc; sourceTree = SOURCE_ROOT; };
		05280483A1A94EA4A6985687 /* /Users/Hellfeld/Documents/School/UCB/Research/Coded Aperature/Toy_Imager/PRISM_Sim/include/PrimaryGeneratorAction.hh */ = {isa = PBXFileReference; explicitFileType = sourcecode.cpp.h; fileEncoding = 4; name = PrimaryGeneratorAction.hh; path = include/PrimaryGeneratorAction.hh; sourceTree = SOURCE_ROOT; };
		18CB935F03274F76B0E21541 /* /Users/Hellfeld/Documents/School/UCB/Research/Coded Aperature/Toy_Imager/PRISM_Sim/CMakeLists.txt */ = {isa = PBXFileReference; explicitFileType = sourcecode.text; fileEncoding = 4; name = CMakeLists.txt; path = CMakeLists.txt; sourceTree = SOURCE_ROOT; };
		27E81538C2884731A544C33C /* /Users/Hellfeld/Documents/School/UCB/Research/Coded Aperature/Toy_Imager/PRISM_Sim/CodedAperture.cc */ = {isa = PBXFileReference; explicitFileType = sourcecode.cpp.cpp; fileEncoding = 4; name = CodedAperture.cc; path = CodedAperture.cc; sourceTree = SOURCE_ROOT; };
		2A58DB5C8FCC4D0CBA3CEA79 /* /Users/Hellfeld/Documents/School/UCB/Research/Coded Aperature/Toy_Imager/PRISM_Sim/src/DetectorConstruction.cc */ = {isa = PBXFileReference; explicitFileType = sourcecode.cpp.cpp; fileEncoding = 4; name = DetectorConstruction.cc; path = src/DetectorConstruction.cc; sourceTree = SOURCE_ROOT; };
		346848C643BA4D06826218DA /* CodedAperture */ = {isa = PBXFileReference; explicitFileType = "compiled.mach-o.executable"; path = CodedAperture; refType = 0; sourceTree = BUILT_PRODUCTS_DIR; };
		3E1E8E773B5D4A62ADE2E378 /* /Users/Hellfeld/Documents/School/UCB/Research/Coded Aperature/Toy_Imager/PRISM_Sim/src/PhysicsList.cc */ = {isa = PBXFileReference; explicitFileType = sourcecode.cpp.cpp; fileEncoding = 4; name = PhysicsList.cc; path = src/PhysicsList.cc; sourceTree = SOURCE_ROOT; };
		47EC1AAE4BB04373AA2E8249 /* /Users/Hellfeld/Documents/School/UCB/Research/Coded Aperature/Toy_Imager/PRISM_Sim/include/StackingActionMessenger.hh */ = {isa = PBXFileReference; explicitFileType = sourcecode.cpp.h; fileEncoding = 4; name = StackingActionMessenger.hh; path = include/StackingActionMessenger.hh; sourceTree = SOURCE_ROOT; };
		48F9508ABEB041B1A84E04C9 /* /Users/Hellfeld/Documents/School/UCB/Research/Coded Aperature/Toy_Imager/PRISM_Sim/include/PrimaryGeneratorActionMessenger.hh */ = {isa = PBXFileReference; explicitFileType = sourcecode.cpp.h; fileEncoding = 4; name = PrimaryGeneratorActionMessenger.hh; path = include/PrimaryGeneratorActionMessenger.hh; sourceTree = SOURCE_ROOT; };
		4AFE31644CB24CEDB042C130 /* /Users/Hellfeld/Documents/School/UCB/Research/Coded Aperature/Toy_Imager/PRISM_Sim/src/StackingActionMessenger.cc */ = {isa = PBXFileReference; explicitFileType = sourcecode.cpp.cpp; fileEncoding = 4; name = StackingActionMessenger.cc; path = src/StackingActionMessenger.cc; sourceTree = SOURCE_ROOT; };
		51F6D95E20024919B90C51AD /* /Users/Hellfeld/Documents/School/UCB/Research/Coded Aperature/Toy_Imager/PRISM_Sim/include/RunAction.hh */ = {isa = PBXFileReference; explicitFileType = sourcecode.cpp.h; fileEncoding = 4; name = RunAction.hh; path = include/RunAction.hh; sourceTree = SOURCE_ROOT; };
		57DF8F32C96549CABF9ACAA1 /* /Users/Hellfeld/Documents/School/UCB/Research/Coded Aperature/Toy_Imager/PRISM_Sim/src/ActionInitialization.cc */ = {isa = PBXFileReference; explicitFileType = sourcecode.cpp.cpp; fileEncoding = 4; name = ActionInitialization.cc; path = src/ActionInitialization.cc; sourceTree = SOURCE_ROOT; };
		6A369E3BD1AF47ED8352B6E8 /* /Users/Hellfeld/Documents/School/UCB/Research/Coded Aperature/Toy_Imager/PRISM_Sim/include/PhysicsList.hh */ = {isa = PBXFileReference; explicitFileType = sourcecode.cpp.h; fileEncoding = 4; name = PhysicsList.hh; path = include/PhysicsList.hh; sourceTree = SOURCE_ROOT; };
		6C68162034C847DFAE71545B /* /Users/Hellfeld/Documents/School/UCB/Research/Coded Aperature/Toy_Imager/PRISM_Sim/src/DetectorConstructionMessenger.cc */ = {isa = PBXFileReference; explicitFileType = sourcecode.cpp.cpp; fileEncoding = 4; name = DetectorConstructionMessenger.cc; path = src/DetectorConstructionMessenger.cc; sourceTree = SOURCE_ROOT; };
		70C555864FB041AC95D44E85 /* /Users/Hellfeld/Documents/School/UCB/Research/Coded Aperature/Toy_Imager/PRISM_Sim/src/StackingAction.cc */ = {isa = PBXFileReference; explicitFileType = sourcecode.cpp.cpp; fileEncoding = 4; name = StackingAction.cc; path = src/StackingAction.cc; sourceTree = SOURCE_ROOT; };
		73DEEAAEBDC74DF1A001D78E /* /Users/Hellfeld/Documents/School/UCB/Research/Coded Aperature/Toy_Imager/PRISM_Sim/src/SensitiveDetector.cc */ = {isa = PBXFileReference; explicitFileType = sourcecode.cpp.cpp; fileEncoding = 4; name = SensitiveDetector.cc; path = src/SensitiveDetector.cc; sourceTree = SOURCE_ROOT; };
		7C34818C86DE4FB4865A7B70 /* /Users/Hellfeld/Documents/School/UCB/Research/Coded Aperature/Toy_Imager/PRISM_Sim/include/StackingAction.hh */ = {isa = PBXFileReference; explicitFileType = sourcecode.cpp.h; fileEncoding = 4; name = StackingAction.hh; path = include/StackingAction.hh; sourceTree = SOURCE_ROOT; };
		82FF65C264D6488DB3FA2F27 /* /Users/Hellfeld/Documents/School/UCB/Research/Coded Aperature/Toy_Imager/PRISM_Sim/src/TrackingAction.cc */ = {isa = PBXFileReference; explicitFileType = sourcecode.cpp.cpp; fileEncoding = 4; name = TrackingAction.cc; path = src/TrackingAction.cc; sourceTree = SOURCE_ROOT; };
		846467AAA8324552A8DD9DDE /* /Users/Hellfeld/Documents/School/UCB/Research/Coded Aperature/Toy_Imager/PRISM_Sim/include/TrackingAction.hh */ = {isa = PBXFileReference; explicitFileType = sourcecode.cpp.h; fileEncoding = 4; name = TrackingAction.hh; path = include/TrackingAction.hh; sourceTree = SOURCE_ROOT; };
		876E82A696DF4FE896094A50 /* /Users/Hellfeld/Documents/School/UCB/Research/Coded Aperature/Toy_Imager/PRISM_Sim/include/EventAction.hh */ = {isa = PBXFileReference; explicitFileType = sourcecode.cpp.h; fileEncoding = 4; name = EventAction.hh; path = include/EventAction.hh; sourceTree = SOURCE_ROOT; };
		8BA400DB9225445983D9DE3C /* /Users/Hellfeld/Documents/School/UCB/Research/Coded Aperature/Toy_Imager/PRISM_Sim/include/SensitiveDetector.hh */ = {isa = PBXFileReference; explicitFileType = sourcecode.cpp.h; fileEncoding = 4; name = SensitiveDetector.hh; path = include/SensitiveDetector.hh; sourceTree = SOURCE_ROOT; };
		8D725015521E4F6FB8D9EFC6 /* /Users/Hellfeld/Documents/School/UCB/Research/Coded Aperature/Toy_Imager/PRISM_Sim/include/SteppingAction.hh */ = {isa = PBXFileReference; explicitFileType = sourcecode.cpp.h; fileEncoding = 4; name = SteppingAction.hh; path = include/SteppingAction.hh; sourceTree = SOURCE_ROOT; };
		9C1CD42E89364793BD67DE19 /* /Users/Hellfeld/Documents/School/UCB/Research/Coded Aperature/Toy_Imager/PRISM_Sim/include/DetectorConstruction.hh */ = {isa = PBXFileReference; explicitFileType = sourcecode.cpp.h; fileEncoding = 4; name = DetectorConstruction.hh; path = include/DetectorConstruction.hh; sourceTree = SOURCE_ROOT; };
		A04CD0935B3B4BADB1D1BD36 /* /Users/Hellfeld/Documents/School/UCB/Research/Coded Aperature/Toy_Imager/PRISM_Sim/src/SteppingAction.cc */ = {isa = PBXFileReference; explicitFileType = sourcecode.cpp.cpp; fileEncoding = 4; name = SteppingAction.cc; path = src/SteppingAction.cc; sourceTree = SOURCE_ROOT; };
		B88C9DA345D64115A4DE0B8C /* /Users/Hellfeld/Documents/School/UCB/Research/Coded Aperature/Toy_Imager/PRISM_Sim/CMakeLists.txt */ = {isa = PBXFileReference; explicitFileType = sourcecode.text; fileEncoding = 4; name = CMakeLists.txt; path = CMakeLists.txt; sourceTree = SOURCE_ROOT; };
		BBC1ED6C3D0D4FB3B69C29A7 /* /Users/Hellfeld/Documents/School/UCB/Research/Coded Aperature/Toy_Imager/PRISM_Sim/CMakeLists.txt */ = {isa = PBXFileReference; explicitFileType = sourcecode.text; fileEncoding = 4; name = CMakeLists.txt; path = CMakeLists.txt; sourceTree = SOURCE_ROOT; };
		C01A4BF1824748B8A0EBB3EE /* /Users/Hellfeld/Documents/School/UCB/Research/Coded Aperature/Toy_Imager/PRISM_Sim/src/PrimaryGeneratorAction.cc */ = {isa = PBXFileReference; explicitFileType = sourcecode.cpp.cpp; fileEncoding = 4; name = PrimaryGeneratorAction.cc; path = src/PrimaryGeneratorAction.cc; sourceTree = SOURCE_ROOT; };
		D463A21B6F744C40890397A0 /* /Users/Hellfeld/Documents/School/UCB/Research/Coded Aperature/Toy_Imager/PRISM_Sim/src/RunAction.cc */ = {isa = PBXFileReference; explicitFileType = sourcecode.cpp.cpp; fileEncoding = 4; name = RunAction.cc; path = src/RunAction.cc; sourceTree = SOURCE_ROOT; };
		E9D8FFA834D540369AEC36DA /* /Users/Hellfeld/Documents/School/UCB/Research/Coded Aperature/Toy_Imager/PRISM_Sim/src/EventAction.cc */ = {isa = PBXFileReference; explicitFileType = sourcecode.cpp.cpp; fileEncoding = 4; name = EventAction.cc; path = src/EventAction.cc; sourceTree = SOURCE_ROOT; };
		EA540B4D6F6A4E9088D025D8 /* /Users/Hellfeld/Documents/School/UCB/Research/Coded Aperature/Toy_Imager/PRISM_Sim/include/DetectorConstructionMessenger.hh */ = {isa = PBXFileReference; explicitFileType = sourcecode.cpp.h; fileEncoding = 4; name = DetectorConstructionMessenger.hh; path = include/DetectorConstructionMessenger.hh; sourceTree = SOURCE_ROOT; };
		EC42D35EE1624D5E921084C9 /* /Users/Hellfeld/Documents/School/UCB/Research/Coded Aperature/Toy_Imager/PRISM_Sim/include/ActionInitialization.hh */ = {isa = PBXFileReference; explicitFileType = sourcecode.cpp.h; fileEncoding = 4; name = ActionInitialization.hh; path = include/ActionInitialization.hh; sourceTree = SOURCE_ROOT; };
		EFDD00FF1BFC405A86EA00E5 /* /Users/Hellfeld/Documents/School/UCB/Research/Coded Aperature/Toy_Imager/PRISM_Sim/include/Hit.hh */ = {isa = PBXFileReference; explicitFileType = sourcecode.cpp.h; fileEncoding = 4; name = Hit.hh; path = include/Hit.hh; sourceTree = SOURCE_ROOT; };
		FFA286BBA82E4BD3B6830DF1 /* /Users/Hellfeld/Documents/School/UCB/Research/Coded Aperature/Toy_Imager/PRISM_Sim/src/PrimaryGeneratorActionMessenger.cc */ = {isa = PBXFileReference; explicitFileType = sourcecode.cpp.cpp; fileEncoding = 4; name = PrimaryGeneratorActionMessenger.cc; path = src/PrimaryGeneratorActionMessenger.cc; sourceTree = SOURCE_ROOT; };
/* End PBXFileReference section */

/* Begin PBXGroup section */
		28B6187E4B664D8497D841CD /* Source Files */ = {
			isa = PBXGroup;
			children = (
				27E81538C2884731A544C33C /* /Users/Hellfeld/Documents/School/UCB/Research/Coded Aperature/Toy_Imager/PRISM_Sim/CodedAperture.cc */,
				57DF8F32C96549CABF9ACAA1 /* /Users/Hellfeld/Documents/School/UCB/Research/Coded Aperature/Toy_Imager/PRISM_Sim/src/ActionInitialization.cc */,
				2A58DB5C8FCC4D0CBA3CEA79 /* /Users/Hellfeld/Documents/School/UCB/Research/Coded Aperature/Toy_Imager/PRISM_Sim/src/DetectorConstruction.cc */,
				6C68162034C847DFAE71545B /* /Users/Hellfeld/Documents/School/UCB/Research/Coded Aperature/Toy_Imager/PRISM_Sim/src/DetectorConstructionMessenger.cc */,
				E9D8FFA834D540369AEC36DA /* /Users/Hellfeld/Documents/School/UCB/Research/Coded Aperature/Toy_Imager/PRISM_Sim/src/EventAction.cc */,
				0077EE2C7C43401F8BF88243 /* /Users/Hellfeld/Documents/School/UCB/Research/Coded Aperature/Toy_Imager/PRISM_Sim/src/Hit.cc */,
				3E1E8E773B5D4A62ADE2E378 /* /Users/Hellfeld/Documents/School/UCB/Research/Coded Aperature/Toy_Imager/PRISM_Sim/src/PhysicsList.cc */,
				C01A4BF1824748B8A0EBB3EE /* /Users/Hellfeld/Documents/School/UCB/Research/Coded Aperature/Toy_Imager/PRISM_Sim/src/PrimaryGeneratorAction.cc */,
				FFA286BBA82E4BD3B6830DF1 /* /Users/Hellfeld/Documents/School/UCB/Research/Coded Aperature/Toy_Imager/PRISM_Sim/src/PrimaryGeneratorActionMessenger.cc */,
				D463A21B6F744C40890397A0 /* /Users/Hellfeld/Documents/School/UCB/Research/Coded Aperature/Toy_Imager/PRISM_Sim/src/RunAction.cc */,
				73DEEAAEBDC74DF1A001D78E /* /Users/Hellfeld/Documents/School/UCB/Research/Coded Aperature/Toy_Imager/PRISM_Sim/src/SensitiveDetector.cc */,
				70C555864FB041AC95D44E85 /* /Users/Hellfeld/Documents/School/UCB/Research/Coded Aperature/Toy_Imager/PRISM_Sim/src/StackingAction.cc */,
				4AFE31644CB24CEDB042C130 /* /Users/Hellfeld/Documents/School/UCB/Research/Coded Aperature/Toy_Imager/PRISM_Sim/src/StackingActionMessenger.cc */,
				A04CD0935B3B4BADB1D1BD36 /* /Users/Hellfeld/Documents/School/UCB/Research/Coded Aperature/Toy_Imager/PRISM_Sim/src/SteppingAction.cc */,
				82FF65C264D6488DB3FA2F27 /* /Users/Hellfeld/Documents/School/UCB/Research/Coded Aperature/Toy_Imager/PRISM_Sim/src/TrackingAction.cc */,
			);
			name = "Source Files";
			sourceTree = "<group>";
		};
		42ACB61311CF41EC8B35F4E5 /* ZERO_CHECK */ = {
			isa = PBXGroup;
			children = (
				EBE1BE0F719B4F4297CFC1C7 /* CMake Rules */,
				18CB935F03274F76B0E21541 /* /Users/Hellfeld/Documents/School/UCB/Research/Coded Aperature/Toy_Imager/PRISM_Sim/CMakeLists.txt */,
			);
			name = ZERO_CHECK;
			sourceTree = "<group>";
		};
		53CA4798A02E4E429078112E /* Sources */ = {
			isa = PBXGroup;
			children = (
				D79FBF9317CB48E8B49BBDD7 /* CodedAperture */,
				D27B443BCF274B73A3EDF4F6 /* ALL_BUILD */,
				42ACB61311CF41EC8B35F4E5 /* ZERO_CHECK */,
			);
			name = Sources;
			sourceTree = "<group>";
		};
		A1EF1C95B2184E868F813541 /* Products */ = {
			isa = PBXGroup;
			children = (
				346848C643BA4D06826218DA /* CodedAperture */,
			);
			name = Products;
			sourceTree = "<group>";
		};
		D27B443BCF274B73A3EDF4F6 /* ALL_BUILD */ = {
			isa = PBXGroup;
			children = (
				D6C907F0A29A4D8B9F90A5A8 /* CMake Rules */,
				B88C9DA345D64115A4DE0B8C /* /Users/Hellfeld/Documents/School/UCB/Research/Coded Aperature/Toy_Imager/PRISM_Sim/CMakeLists.txt */,
			);
			name = ALL_BUILD;
			sourceTree = "<group>";
		};
		D6C907F0A29A4D8B9F90A5A8 /* CMake Rules */ = {
			isa = PBXGroup;
			children = (
			);
			name = "CMake Rules";
			sourceTree = "<group>";
		};
		D79FBF9317CB48E8B49BBDD7 /* CodedAperture */ = {
			isa = PBXGroup;
			children = (
				28B6187E4B664D8497D841CD /* Source Files */,
				F93358EBEC0740CEB4640DBF /* Header Files */,
				BBC1ED6C3D0D4FB3B69C29A7 /* /Users/Hellfeld/Documents/School/UCB/Research/Coded Aperature/Toy_Imager/PRISM_Sim/CMakeLists.txt */,
			);
			name = CodedAperture;
			sourceTree = "<group>";
		};
		E854D70EF6E34532B0E34D11 = {
			isa = PBXGroup;
			children = (
				53CA4798A02E4E429078112E /* Sources */,
				E8BE80737B874514ADA09CD4 /* Resources */,
				A1EF1C95B2184E868F813541 /* Products */,
			);
			sourceTree = "<group>";
		};
		E8BE80737B874514ADA09CD4 /* Resources */ = {
			isa = PBXGroup;
			children = (
			);
			name = Resources;
			sourceTree = "<group>";
		};
		EBE1BE0F719B4F4297CFC1C7 /* CMake Rules */ = {
			isa = PBXGroup;
			children = (
			);
			name = "CMake Rules";
			sourceTree = "<group>";
		};
		F93358EBEC0740CEB4640DBF /* Header Files */ = {
			isa = PBXGroup;
			children = (
				EC42D35EE1624D5E921084C9 /* /Users/Hellfeld/Documents/School/UCB/Research/Coded Aperature/Toy_Imager/PRISM_Sim/include/ActionInitialization.hh */,
				9C1CD42E89364793BD67DE19 /* /Users/Hellfeld/Documents/School/UCB/Research/Coded Aperature/Toy_Imager/PRISM_Sim/include/DetectorConstruction.hh */,
				EA540B4D6F6A4E9088D025D8 /* /Users/Hellfeld/Documents/School/UCB/Research/Coded Aperature/Toy_Imager/PRISM_Sim/include/DetectorConstructionMessenger.hh */,
				876E82A696DF4FE896094A50 /* /Users/Hellfeld/Documents/School/UCB/Research/Coded Aperature/Toy_Imager/PRISM_Sim/include/EventAction.hh */,
				EFDD00FF1BFC405A86EA00E5 /* /Users/Hellfeld/Documents/School/UCB/Research/Coded Aperature/Toy_Imager/PRISM_Sim/include/Hit.hh */,
				6A369E3BD1AF47ED8352B6E8 /* /Users/Hellfeld/Documents/School/UCB/Research/Coded Aperature/Toy_Imager/PRISM_Sim/include/PhysicsList.hh */,
				05280483A1A94EA4A6985687 /* /Users/Hellfeld/Documents/School/UCB/Research/Coded Aperature/Toy_Imager/PRISM_Sim/include/PrimaryGeneratorAction.hh */,
				48F9508ABEB041B1A84E04C9 /* /Users/Hellfeld/Documents/School/UCB/Research/Coded Aperature/Toy_Imager/PRISM_Sim/include/PrimaryGeneratorActionMessenger.hh */,
				51F6D95E20024919B90C51AD /* /Users/Hellfeld/Documents/School/UCB/Research/Coded Aperature/Toy_Imager/PRISM_Sim/include/RunAction.hh */,
				8BA400DB9225445983D9DE3C /* /Users/Hellfeld/Documents/School/UCB/Research/Coded Aperature/Toy_Imager/PRISM_Sim/include/SensitiveDetector.hh */,
				7C34818C86DE4FB4865A7B70 /* /Users/Hellfeld/Documents/School/UCB/Research/Coded Aperature/Toy_Imager/PRISM_Sim/include/StackingAction.hh */,
				47EC1AAE4BB04373AA2E8249 /* /Users/Hellfeld/Documents/School/UCB/Research/Coded Aperature/Toy_Imager/PRISM_Sim/include/StackingActionMessenger.hh */,
				8D725015521E4F6FB8D9EFC6 /* /Users/Hellfeld/Documents/School/UCB/Research/Coded Aperature/Toy_Imager/PRISM_Sim/include/SteppingAction.hh */,
				846467AAA8324552A8DD9DDE /* /Users/Hellfeld/Documents/School/UCB/Research/Coded Aperature/Toy_Imager/PRISM_Sim/include/TrackingAction.hh */,
			);
			name = "Header Files";
			sourceTree = "<group>";
		};
/* End PBXGroup section */

/* Begin PBXNativeTarget section */
		20E2BAD1479C4242A335E700 /* CodedAperture */ = {
			isa = PBXNativeTarget;
			buildConfigurationList = B9EE44B5EAA54042A49164C3 /* Build configuration list for PBXNativeTarget "CodedAperture" */;
			buildPhases = (
				DFE926D8918245118BD31F06 /* Sources */,
			);
			buildRules = (
			);
			dependencies = (
				C2FC47AD9F9D441EA2FF6B50 /* PBXTargetDependency */,
			);
			name = CodedAperture;
			productName = CodedAperture;
			productReference = 346848C643BA4D06826218DA /* CodedAperture */;
			productType = "com.apple.product-type.tool";
		};
/* End PBXNativeTarget section */

/* Begin PBXProject section */
		5414B58A2DB745EFAC874CF9 /* Project object */ = {
			isa = PBXProject;
			attributes = {
				BuildIndependentTargetsInParallel = YES;
				LastUpgradeCheck = 0610;
			};
			buildConfigurationList = 25D67F1282FE46A69292190D /* Build configuration list for PBXProject "CodedAperture" */;
			buildSettings = {
			};
			buildStyles = (
				F41CE290FA94436383A71CD6 /* Debug */,
				CF01983B446549C592708B06 /* Release */,
				082A0719241949C9B943833C /* MinSizeRel */,
				50C0857B4F534380AABABE18 /* RelWithDebInfo */,
			);
			compatibilityVersion = "Xcode 3.2";
			hasScannedForEncodings = 0;
			mainGroup = E854D70EF6E34532B0E34D11;
			projectDirPath = ../;
			projectRoot = "";
			targets = (
				98035ACD390447F8BABB8BC8 /* ALL_BUILD */,
				20E2BAD1479C4242A335E700 /* CodedAperture */,
				EBFBC6C67FFA4411889653AC /* ZERO_CHECK */,
			);
		};
/* End PBXProject section */

/* Begin PBXShellScriptBuildPhase section */
		37E734EC595B4C62A702A28C = {
			isa = PBXShellScriptBuildPhase;
			buildActionMask = 2147483647;
			files = (
			);
			inputPaths = (
			);
			outputPaths = (
			);
			runOnlyForDeploymentPostprocessing = 0;
			shellPath = /bin/sh;
			shellScript = "# shell script goes here
exit 0";
			showEnvVarsInLog = 0;
		};
		490D13A2FC4045D9836E83EE /* CMake Rules */ = {
			isa = PBXShellScriptBuildPhase;
			buildActionMask = 2147483647;
			files = (
			);
			name = "CMake Rules";
			runOnlyForDeploymentPostprocessing = 0;
			shellPath = /bin/sh;
			shellScript = "make -C /Users/Hellfeld/Documents/School/UCB/Research/Coded\\ Aperature/Toy_Imager/PRISM_Sim/xcode -f /Users/Hellfeld/Documents/School/UCB/Research/Coded\\ Aperature/Toy_Imager/PRISM_Sim/xcode/CMakeScripts/ALL_BUILD_cmakeRulesBuildPhase.make$CONFIGURATION all";
			showEnvVarsInLog = 0;
		};
		87442AAB00464CE19629B6A1 /* CMake Rules */ = {
			isa = PBXShellScriptBuildPhase;
			buildActionMask = 2147483647;
			files = (
			);
			name = "CMake Rules";
			runOnlyForDeploymentPostprocessing = 0;
			shellPath = /bin/sh;
			shellScript = "make -C /Users/Hellfeld/Documents/School/UCB/Research/Coded\\ Aperature/Toy_Imager/PRISM_Sim/xcode -f /Users/Hellfeld/Documents/School/UCB/Research/Coded\\ Aperature/Toy_Imager/PRISM_Sim/xcode/CMakeScripts/ZERO_CHECK_cmakeRulesBuildPhase.make$CONFIGURATION all";
			showEnvVarsInLog = 0;
		};
		FE26A826321543038C1D266B = {
			isa = PBXShellScriptBuildPhase;
			buildActionMask = 2147483647;
			files = (
			);
			inputPaths = (
			);
			outputPaths = (
			);
			runOnlyForDeploymentPostprocessing = 0;
			shellPath = /bin/sh;
			shellScript = "# shell script goes here
exit 0";
			showEnvVarsInLog = 0;
		};
/* End PBXShellScriptBuildPhase section */

/* Begin PBXSourcesBuildPhase section */
		DFE926D8918245118BD31F06 /* Sources */ = {
			isa = PBXSourcesBuildPhase;
			buildActionMask = 2147483647;
			files = (
				0CAA49DCDA7D4B8EBEC0A7A8 /* /Users/Hellfeld/Documents/School/UCB/Research/Coded Aperature/Toy_Imager/PRISM_Sim/CodedAperture.cc */,
				C96B713535D34820B9DD52A2 /* /Users/Hellfeld/Documents/School/UCB/Research/Coded Aperature/Toy_Imager/PRISM_Sim/src/ActionInitialization.cc */,
				D624F5920FD649B09F4B9609 /* /Users/Hellfeld/Documents/School/UCB/Research/Coded Aperature/Toy_Imager/PRISM_Sim/src/DetectorConstruction.cc */,
				C4D222DBE3044EF48E7A326F /* /Users/Hellfeld/Documents/School/UCB/Research/Coded Aperature/Toy_Imager/PRISM_Sim/src/DetectorConstructionMessenger.cc */,
				861D8C2AFF0C4330B5772334 /* /Users/Hellfeld/Documents/School/UCB/Research/Coded Aperature/Toy_Imager/PRISM_Sim/src/EventAction.cc */,
				9082B10DBA484925821A1830 /* /Users/Hellfeld/Documents/School/UCB/Research/Coded Aperature/Toy_Imager/PRISM_Sim/src/Hit.cc */,
				8ACE54AA50624D0A8F7BA66C /* /Users/Hellfeld/Documents/School/UCB/Research/Coded Aperature/Toy_Imager/PRISM_Sim/src/PhysicsList.cc */,
				31B1BC196D904E178414BD36 /* /Users/Hellfeld/Documents/School/UCB/Research/Coded Aperature/Toy_Imager/PRISM_Sim/src/PrimaryGeneratorAction.cc */,
				57945B6F606448AFB82A585C /* /Users/Hellfeld/Documents/School/UCB/Research/Coded Aperature/Toy_Imager/PRISM_Sim/src/PrimaryGeneratorActionMessenger.cc */,
				472195484A614EFA977EA6DE /* /Users/Hellfeld/Documents/School/UCB/Research/Coded Aperature/Toy_Imager/PRISM_Sim/src/RunAction.cc */,
				8FFF93C9E1F444488AA1F8D6 /* /Users/Hellfeld/Documents/School/UCB/Research/Coded Aperature/Toy_Imager/PRISM_Sim/src/SensitiveDetector.cc */,
				61B42AA35E18411FB896CF15 /* /Users/Hellfeld/Documents/School/UCB/Research/Coded Aperature/Toy_Imager/PRISM_Sim/src/StackingAction.cc */,
				90DFC192D42A40318D110996 /* /Users/Hellfeld/Documents/School/UCB/Research/Coded Aperature/Toy_Imager/PRISM_Sim/src/StackingActionMessenger.cc */,
				FB6AAADC097D45E19C93E0F7 /* /Users/Hellfeld/Documents/School/UCB/Research/Coded Aperature/Toy_Imager/PRISM_Sim/src/SteppingAction.cc */,
				0E43F8A887A44417A59B1853 /* /Users/Hellfeld/Documents/School/UCB/Research/Coded Aperature/Toy_Imager/PRISM_Sim/src/TrackingAction.cc */,
			);
			runOnlyForDeploymentPostprocessing = 0;
		};
/* End PBXSourcesBuildPhase section */

/* Begin PBXTargetDependency section */
		AA99D16504B24CEFA70F0368 /* PBXTargetDependency */ = {
			isa = PBXTargetDependency;
			target = 20E2BAD1479C4242A335E700 /* CodedAperture */;
			targetProxy = 7C92AD7117564BC284D8BDF2 /* PBXContainerItemProxy */;
		};
		C2FC47AD9F9D441EA2FF6B50 /* PBXTargetDependency */ = {
			isa = PBXTargetDependency;
			target = EBFBC6C67FFA4411889653AC /* ZERO_CHECK */;
			targetProxy = 6182135E182644F39EE7688E /* PBXContainerItemProxy */;
		};
		C93E9C58764B4066B94F1366 /* PBXTargetDependency */ = {
			isa = PBXTargetDependency;
			target = EBFBC6C67FFA4411889653AC /* ZERO_CHECK */;
			targetProxy = 1944ED7A9B624E0CB7219051 /* PBXContainerItemProxy */;
		};
/* End PBXTargetDependency section */

/* Begin XCBuildConfiguration section */
		1BC16D3F1D2346B788CF88ED /* MinSizeRel */ = {
			isa = XCBuildConfiguration;
			buildSettings = {
				COMBINE_HIDPI_IMAGES = YES;
				GCC_GENERATE_DEBUGGING_SYMBOLS = YES;
				GCC_INLINES_ARE_PRIVATE_EXTERN = NO;
				GCC_OPTIMIZATION_LEVEL = 0;
				GCC_PREPROCESSOR_DEFINITIONS = ("'CMAKE_INTDIR=\"$(CONFIGURATION)$(EFFECTIVE_PLATFORM_NAME)\"'", );
				GCC_SYMBOLS_PRIVATE_EXTERN = NO;
				HEADER_SEARCH_PATHS = ("/Users/Hellfeld/GEANT4.10.2.p1/geant4-install/include/Geant4", /usr/local/octave/3.8.0/include, /usr/local/octave/3.8.0/include/QtCore, /usr/local/octave/3.8.0/include/QtGui, /usr/local/octave/3.8.0/include/QtOpenGL, "\"/Users/Hellfeld/Documents/School/UCB/Research/Coded Aperature/Toy_Imager/PRISM_Sim/include\"", /Users/Hellfeld/ROOT/include, );
				INSTALL_PATH = "";
				OTHER_LDFLAGS = " ";
				OTHER_REZFLAGS = "";
				PRODUCT_NAME = ZERO_CHECK;
				SECTORDER_FLAGS = "";
				SYMROOT = "/Users/Hellfeld/Documents/School/UCB/Research/Coded Aperature/Toy_Imager/PRISM_Sim/xcode";
				USE_HEADERMAP = NO;
				WARNING_CFLAGS = ("-Wmost", "-Wno-four-char-constants", "-Wno-unknown-pragmas", "$(inherited)", );
			};
			name = MinSizeRel;
		};
		2B8FCAE606824A128AFF2EC9 /* Release */ = {
			isa = XCBuildConfiguration;
			buildSettings = {
				ONLY_ACTIVE_ARCH = YES;
				SDKROOT = /Applications/Xcode.app/Contents/Developer/Platforms/MacOSX.platform/Developer/SDKs/MacOSX10.10.sdk;
				SYMROOT = "/Users/Hellfeld/Documents/School/UCB/Research/Coded Aperature/Toy_Imager/PRISM_Sim/xcode/build";
			};
			name = Release;
		};
		81AA0E8879C84CAF970D707B /* MinSizeRel */ = {
			isa = XCBuildConfiguration;
			buildSettings = {
				COMBINE_HIDPI_IMAGES = YES;
				EXECUTABLE_PREFIX = "";
				EXECUTABLE_SUFFIX = "";
				GCC_GENERATE_DEBUGGING_SYMBOLS = NO;
				GCC_INLINES_ARE_PRIVATE_EXTERN = NO;
				GCC_OPTIMIZATION_LEVEL = s;
				GCC_PREPROCESSOR_DEFINITIONS = ("'CMAKE_INTDIR=\"$(CONFIGURATION)$(EFFECTIVE_PLATFORM_NAME)\"'", G4_STORE_TRAJECTORY, G4VERBOSE, G4UI_USE, G4VIS_USE, G4UI_USE_TCSH, G4INTY_USE_XT, G4VIS_USE_RAYTRACERX, G4INTY_USE_QT, G4UI_USE_QT, G4VIS_USE_OPENGLQT, G4VIS_USE_OPENGLX, G4VIS_USE_OPENGL, );
				GCC_SYMBOLS_PRIVATE_EXTERN = NO;
				HEADER_SEARCH_PATHS = ("/Users/Hellfeld/GEANT4.10.2.p1/geant4-install/include/Geant4", /usr/local/octave/3.8.0/include, /usr/local/octave/3.8.0/include/QtCore, /usr/local/octave/3.8.0/include/QtGui, /usr/local/octave/3.8.0/include/QtOpenGL, "\"/Users/Hellfeld/Documents/School/UCB/Research/Coded Aperature/Toy_Imager/PRISM_Sim/include\"", /Users/Hellfeld/ROOT/include, );
				INSTALL_PATH = "";
				LD_RUNPATH_SEARCH_PATHS = "/Users/Hellfeld/GEANT4.10.2.p1/geant4-install/lib";
				LIBRARY_SEARCH_PATHS = "";
				OTHER_CPLUSPLUSFLAGS = " -W -Wall -pedantic -Wno-non-virtual-dtor -Wno-long-long -Wwrite-strings -Wpointer-arith -Woverloaded-virtual -Wno-variadic-macros -Wshadow -pipe -Qunused-arguments -stdlib=libc++ -DG4USE_STD11 -std=c++11      -DNDEBUG     -DNDEBUG '-std=c++11'  ";
				OTHER_LDFLAGS = "  -Wl,-search_paths_first -Wl,-headerpad_max_install_names  /Users/Hellfeld/GEANT4.10.2.p1/geant4-install/lib/libG4Tree.dylib /Users/Hellfeld/GEANT4.10.2.p1/geant4-install/lib/libG4GMocren.dylib /Users/Hellfeld/GEANT4.10.2.p1/geant4-install/lib/libG4visHepRep.dylib /Users/Hellfeld/GEANT4.10.2.p1/geant4-install/lib/libG4RayTracer.dylib /Users/Hellfeld/GEANT4.10.2.p1/geant4-install/lib/libG4VRML.dylib /Users/Hellfeld/GEANT4.10.2.p1/geant4-install/lib/libG4OpenGL.dylib /Users/Hellfeld/GEANT4.10.2.p1/geant4-install/lib/libG4gl2ps.dylib /Users/Hellfeld/GEANT4.10.2.p1/geant4-install/lib/libG4interfaces.dylib /Users/Hellfeld/GEANT4.10.2.p1/geant4-install/lib/libG4persistency.dylib /Users/Hellfeld/GEANT4.10.2.p1/geant4-install/lib/libG4analysis.dylib /Users/Hellfeld/GEANT4.10.2.p1/geant4-install/lib/libG4error_propagation.dylib /Users/Hellfeld/GEANT4.10.2.p1/geant4-install/lib/libG4readout.dylib /Users/Hellfeld/GEANT4.10.2.p1/geant4-install/lib/libG4physicslists.dylib /Users/Hellfeld/GEANT4.10.2.p1/geant4-install/lib/libG4parmodels.dylib -L/Users/Hellfeld/ROOT/lib -lCore -lCint -lRIO -lNet -lHist -lGraf -lGraf3d -lGpad -lTree -lRint -lPostscript -lMatrix -lPhysics -lMathCore -lThread -lpthread -Wl,-rpath,/Users/Hellfeld/ROOT/lib -stdlib=libc++ -lm -ldl /Users/Hellfeld/GEANT4.10.2.p1/geant4-install/lib/libG4FR.dylib /Users/Hellfeld/GEANT4.10.2.p1/geant4-install/lib/libG4vis_management.dylib /Users/Hellfeld/GEANT4.10.2.p1/geant4-install/lib/libG4modeling.dylib /opt/local/lib/libX11.dylib /opt/local/lib/libXext.dylib -framework OpenGL /usr/X11R6/lib/libGL.dylib /usr/X11R6/lib/libGLU.dylib /opt/X11/lib/libXmu.dylib /usr/local/octave/3.8.0/lib/libQtOpenGL.dylib /usr/local/octave/3.8.0/lib/libQtGui.dylib /usr/local/octave/3.8.0/lib/libQtCore.dylib /Users/Hellfeld/GEANT4.10.2.p1/geant4-install/lib/libG4run.dylib /Users/Hellfeld/GEANT4.10.2.p1/geant4-install/lib/libG4event.dylib /Users/Hellfeld/GEANT4.10.2.p1/geant4-install/lib/libG4tracking.dylib /Users/Hellfeld/GEANT4.10.2.p1/geant4-install/lib/libG4processes.dylib /Users/Hellfeld/GEANT4.10.2.p1/geant4-install/lib/libG4expat.dylib /Users/Hellfeld/GEANT4.10.2.p1/geant4-install/lib/libG4zlib.dylib /Users/Hellfeld/GEANT4.10.2.p1/geant4-install/lib/libG4digits_hits.dylib /Users/Hellfeld/GEANT4.10.2.p1/geant4-install/lib/libG4track.dylib /Users/Hellfeld/GEANT4.10.2.p1/geant4-install/lib/libG4particles.dylib /Users/Hellfeld/GEANT4.10.2.p1/geant4-install/lib/libG4geometry.dylib /Users/Hellfeld/GEANT4.10.2.p1/geant4-install/lib/libG4materials.dylib /Users/Hellfeld/GEANT4.10.2.p1/geant4-install/lib/libG4graphics_reps.dylib /Users/Hellfeld/GEANT4.10.2.p1/geant4-install/lib/libG4intercoms.dylib /Users/Hellfeld/GEANT4.10.2.p1/geant4-install/lib/libG4global.dylib /Users/Hellfeld/GEANT4.10.2.p1/geant4-install/lib/libG4clhep.dylib";
				OTHER_REZFLAGS = "";
				PRODUCT_NAME = CodedAperture;
				SECTORDER_FLAGS = "";
				SYMROOT = "/Users/Hellfeld/Documents/School/UCB/Research/Coded Aperature/Toy_Imager/PRISM_Sim/xcode";
				USE_HEADERMAP = NO;
				WARNING_CFLAGS = ("-Wmost", "-Wno-four-char-constants", "-Wno-unknown-pragmas", "$(inherited)", );
			};
			name = MinSizeRel;
		};
		92B384284834403B8AE2F2C5 /* Debug */ = {
			isa = XCBuildConfiguration;
			buildSettings = {
				ONLY_ACTIVE_ARCH = YES;
				SDKROOT = /Applications/Xcode.app/Contents/Developer/Platforms/MacOSX.platform/Developer/SDKs/MacOSX10.10.sdk;
				SYMROOT = "/Users/Hellfeld/Documents/School/UCB/Research/Coded Aperature/Toy_Imager/PRISM_Sim/xcode/build";
			};
			name = Debug;
		};
		92D9E2DBA5B44E0C9AA82AFD /* RelWithDebInfo */ = {
			isa = XCBuildConfiguration;
			buildSettings = {
				COMBINE_HIDPI_IMAGES = YES;
				GCC_GENERATE_DEBUGGING_SYMBOLS = YES;
				GCC_INLINES_ARE_PRIVATE_EXTERN = NO;
				GCC_OPTIMIZATION_LEVEL = 0;
				GCC_PREPROCESSOR_DEFINITIONS = ("'CMAKE_INTDIR=\"$(CONFIGURATION)$(EFFECTIVE_PLATFORM_NAME)\"'", );
				GCC_SYMBOLS_PRIVATE_EXTERN = NO;
				HEADER_SEARCH_PATHS = ("/Users/Hellfeld/GEANT4.10.2.p1/geant4-install/include/Geant4", /usr/local/octave/3.8.0/include, /usr/local/octave/3.8.0/include/QtCore, /usr/local/octave/3.8.0/include/QtGui, /usr/local/octave/3.8.0/include/QtOpenGL, "\"/Users/Hellfeld/Documents/School/UCB/Research/Coded Aperature/Toy_Imager/PRISM_Sim/include\"", /Users/Hellfeld/ROOT/include, );
				INSTALL_PATH = "";
				OTHER_LDFLAGS = " ";
				OTHER_REZFLAGS = "";
				PRODUCT_NAME = ZERO_CHECK;
				SECTORDER_FLAGS = "";
				SYMROOT = "/Users/Hellfeld/Documents/School/UCB/Research/Coded Aperature/Toy_Imager/PRISM_Sim/xcode";
				USE_HEADERMAP = NO;
				WARNING_CFLAGS = ("-Wmost", "-Wno-four-char-constants", "-Wno-unknown-pragmas", "$(inherited)", );
			};
			name = RelWithDebInfo;
		};
		961309080E4A46F9AEE8664D /* Release */ = {
			isa = XCBuildConfiguration;
			buildSettings = {
				COMBINE_HIDPI_IMAGES = YES;
				EXECUTABLE_PREFIX = "";
				EXECUTABLE_SUFFIX = "";
				GCC_GENERATE_DEBUGGING_SYMBOLS = NO;
				GCC_INLINES_ARE_PRIVATE_EXTERN = NO;
				GCC_OPTIMIZATION_LEVEL = 3;
				GCC_PREPROCESSOR_DEFINITIONS = ("'CMAKE_INTDIR=\"$(CONFIGURATION)$(EFFECTIVE_PLATFORM_NAME)\"'", G4_STORE_TRAJECTORY, G4VERBOSE, G4UI_USE, G4VIS_USE, G4UI_USE_TCSH, G4INTY_USE_XT, G4VIS_USE_RAYTRACERX, G4INTY_USE_QT, G4UI_USE_QT, G4VIS_USE_OPENGLQT, G4VIS_USE_OPENGLX, G4VIS_USE_OPENGL, );
				GCC_SYMBOLS_PRIVATE_EXTERN = NO;
				HEADER_SEARCH_PATHS = ("/Users/Hellfeld/GEANT4.10.2.p1/geant4-install/include/Geant4", /usr/local/octave/3.8.0/include, /usr/local/octave/3.8.0/include/QtCore, /usr/local/octave/3.8.0/include/QtGui, /usr/local/octave/3.8.0/include/QtOpenGL, "\"/Users/Hellfeld/Documents/School/UCB/Research/Coded Aperature/Toy_Imager/PRISM_Sim/include\"", /Users/Hellfeld/ROOT/include, );
				INSTALL_PATH = "";
				LD_RUNPATH_SEARCH_PATHS = "/Users/Hellfeld/GEANT4.10.2.p1/geant4-install/lib";
				LIBRARY_SEARCH_PATHS = "";
				OTHER_CPLUSPLUSFLAGS = " -W -Wall -pedantic -Wno-non-virtual-dtor -Wno-long-long -Wwrite-strings -Wpointer-arith -Woverloaded-virtual -Wno-variadic-macros -Wshadow -pipe -Qunused-arguments -stdlib=libc++ -DG4USE_STD11 -std=c++11      -DNDEBUG     -DNDEBUG '-std=c++11'  ";
				OTHER_LDFLAGS = "  -Wl,-search_paths_first -Wl,-headerpad_max_install_names  /Users/Hellfeld/GEANT4.10.2.p1/geant4-install/lib/libG4Tree.dylib /Users/Hellfeld/GEANT4.10.2.p1/geant4-install/lib/libG4GMocren.dylib /Users/Hellfeld/GEANT4.10.2.p1/geant4-install/lib/libG4visHepRep.dylib /Users/Hellfeld/GEANT4.10.2.p1/geant4-install/lib/libG4RayTracer.dylib /Users/Hellfeld/GEANT4.10.2.p1/geant4-install/lib/libG4VRML.dylib /Users/Hellfeld/GEANT4.10.2.p1/geant4-install/lib/libG4OpenGL.dylib /Users/Hellfeld/GEANT4.10.2.p1/geant4-install/lib/libG4gl2ps.dylib /Users/Hellfeld/GEANT4.10.2.p1/geant4-install/lib/libG4interfaces.dylib /Users/Hellfeld/GEANT4.10.2.p1/geant4-install/lib/libG4persistency.dylib /Users/Hellfeld/GEANT4.10.2.p1/geant4-install/lib/libG4analysis.dylib /Users/Hellfeld/GEANT4.10.2.p1/geant4-install/lib/libG4error_propagation.dylib /Users/Hellfeld/GEANT4.10.2.p1/geant4-install/lib/libG4readout.dylib /Users/Hellfeld/GEANT4.10.2.p1/geant4-install/lib/libG4physicslists.dylib /Users/Hellfeld/GEANT4.10.2.p1/geant4-install/lib/libG4parmodels.dylib -L/Users/Hellfeld/ROOT/lib -lCore -lCint -lRIO -lNet -lHist -lGraf -lGraf3d -lGpad -lTree -lRint -lPostscript -lMatrix -lPhysics -lMathCore -lThread -lpthread -Wl,-rpath,/Users/Hellfeld/ROOT/lib -stdlib=libc++ -lm -ldl /Users/Hellfeld/GEANT4.10.2.p1/geant4-install/lib/libG4FR.dylib /Users/Hellfeld/GEANT4.10.2.p1/geant4-install/lib/libG4vis_management.dylib /Users/Hellfeld/GEANT4.10.2.p1/geant4-install/lib/libG4modeling.dylib /opt/local/lib/libX11.dylib /opt/local/lib/libXext.dylib -framework OpenGL /usr/X11R6/lib/libGL.dylib /usr/X11R6/lib/libGLU.dylib /opt/X11/lib/libXmu.dylib /usr/local/octave/3.8.0/lib/libQtOpenGL.dylib /usr/local/octave/3.8.0/lib/libQtGui.dylib /usr/local/octave/3.8.0/lib/libQtCore.dylib /Users/Hellfeld/GEANT4.10.2.p1/geant4-install/lib/libG4run.dylib /Users/Hellfeld/GEANT4.10.2.p1/geant4-install/lib/libG4event.dylib /Users/Hellfeld/GEANT4.10.2.p1/geant4-install/lib/libG4tracking.dylib /Users/Hellfeld/GEANT4.10.2.p1/geant4-install/lib/libG4processes.dylib /Users/Hellfeld/GEANT4.10.2.p1/geant4-install/lib/libG4expat.dylib /Users/Hellfeld/GEANT4.10.2.p1/geant4-install/lib/libG4zlib.dylib /Users/Hellfeld/GEANT4.10.2.p1/geant4-install/lib/libG4digits_hits.dylib /Users/Hellfeld/GEANT4.10.2.p1/geant4-install/lib/libG4track.dylib /Users/Hellfeld/GEANT4.10.2.p1/geant4-install/lib/libG4particles.dylib /Users/Hellfeld/GEANT4.10.2.p1/geant4-install/lib/libG4geometry.dylib /Users/Hellfeld/GEANT4.10.2.p1/geant4-install/lib/libG4materials.dylib /Users/Hellfeld/GEANT4.10.2.p1/geant4-install/lib/libG4graphics_reps.dylib /Users/Hellfeld/GEANT4.10.2.p1/geant4-install/lib/libG4intercoms.dylib /Users/Hellfeld/GEANT4.10.2.p1/geant4-install/lib/libG4global.dylib /Users/Hellfeld/GEANT4.10.2.p1/geant4-install/lib/libG4clhep.dylib";
				OTHER_REZFLAGS = "";
				PRODUCT_NAME = CodedAperture;
				SECTORDER_FLAGS = "";
				SYMROOT = "/Users/Hellfeld/Documents/School/UCB/Research/Coded Aperature/Toy_Imager/PRISM_Sim/xcode";
				USE_HEADERMAP = NO;
				WARNING_CFLAGS = ("-Wmost", "-Wno-four-char-constants", "-Wno-unknown-pragmas", "$(inherited)", );
			};
			name = Release;
		};
		9D79D314297F4B5EB885EE2F /* Debug */ = {
			isa = XCBuildConfiguration;
			buildSettings = {
				COMBINE_HIDPI_IMAGES = YES;
				GCC_GENERATE_DEBUGGING_SYMBOLS = YES;
				GCC_INLINES_ARE_PRIVATE_EXTERN = NO;
				GCC_OPTIMIZATION_LEVEL = 0;
				GCC_PREPROCESSOR_DEFINITIONS = ("'CMAKE_INTDIR=\"$(CONFIGURATION)$(EFFECTIVE_PLATFORM_NAME)\"'", );
				GCC_SYMBOLS_PRIVATE_EXTERN = NO;
				HEADER_SEARCH_PATHS = ("/Users/Hellfeld/GEANT4.10.2.p1/geant4-install/include/Geant4", /usr/local/octave/3.8.0/include, /usr/local/octave/3.8.0/include/QtCore, /usr/local/octave/3.8.0/include/QtGui, /usr/local/octave/3.8.0/include/QtOpenGL, "\"/Users/Hellfeld/Documents/School/UCB/Research/Coded Aperature/Toy_Imager/PRISM_Sim/include\"", /Users/Hellfeld/ROOT/include, );
				INSTALL_PATH = "";
				OTHER_LDFLAGS = " ";
				OTHER_REZFLAGS = "";
				PRODUCT_NAME = ALL_BUILD;
				SECTORDER_FLAGS = "";
				SYMROOT = "/Users/Hellfeld/Documents/School/UCB/Research/Coded Aperature/Toy_Imager/PRISM_Sim/xcode";
				USE_HEADERMAP = NO;
				WARNING_CFLAGS = ("-Wmost", "-Wno-four-char-constants", "-Wno-unknown-pragmas", "$(inherited)", );
			};
			name = Debug;
		};
		A9CBDCD011024DDB94CAE55C /* RelWithDebInfo */ = {
			isa = XCBuildConfiguration;
			buildSettings = {
				ONLY_ACTIVE_ARCH = YES;
				SDKROOT = /Applications/Xcode.app/Contents/Developer/Platforms/MacOSX.platform/Developer/SDKs/MacOSX10.10.sdk;
				SYMROOT = "/Users/Hellfeld/Documents/School/UCB/Research/Coded Aperature/Toy_Imager/PRISM_Sim/xcode/build";
			};
			name = RelWithDebInfo;
		};
		AE6B1D8689924EBCACC7E563 /* Debug */ = {
			isa = XCBuildConfiguration;
			buildSettings = {
				COMBINE_HIDPI_IMAGES = YES;
				GCC_GENERATE_DEBUGGING_SYMBOLS = YES;
				GCC_INLINES_ARE_PRIVATE_EXTERN = NO;
				GCC_OPTIMIZATION_LEVEL = 0;
				GCC_PREPROCESSOR_DEFINITIONS = ("'CMAKE_INTDIR=\"$(CONFIGURATION)$(EFFECTIVE_PLATFORM_NAME)\"'", );
				GCC_SYMBOLS_PRIVATE_EXTERN = NO;
				HEADER_SEARCH_PATHS = ("/Users/Hellfeld/GEANT4.10.2.p1/geant4-install/include/Geant4", /usr/local/octave/3.8.0/include, /usr/local/octave/3.8.0/include/QtCore, /usr/local/octave/3.8.0/include/QtGui, /usr/local/octave/3.8.0/include/QtOpenGL, "\"/Users/Hellfeld/Documents/School/UCB/Research/Coded Aperature/Toy_Imager/PRISM_Sim/include\"", /Users/Hellfeld/ROOT/include, );
				INSTALL_PATH = "";
				OTHER_LDFLAGS = " ";
				OTHER_REZFLAGS = "";
				PRODUCT_NAME = ZERO_CHECK;
				SECTORDER_FLAGS = "";
				SYMROOT = "/Users/Hellfeld/Documents/School/UCB/Research/Coded Aperature/Toy_Imager/PRISM_Sim/xcode";
				USE_HEADERMAP = NO;
				WARNING_CFLAGS = ("-Wmost", "-Wno-four-char-constants", "-Wno-unknown-pragmas", "$(inherited)", );
			};
			name = Debug;
		};
		BE353C832FCC4321A7AE4873 /* Release */ = {
			isa = XCBuildConfiguration;
			buildSettings = {
				COMBINE_HIDPI_IMAGES = YES;
				GCC_GENERATE_DEBUGGING_SYMBOLS = YES;
				GCC_INLINES_ARE_PRIVATE_EXTERN = NO;
				GCC_OPTIMIZATION_LEVEL = 0;
				GCC_PREPROCESSOR_DEFINITIONS = ("'CMAKE_INTDIR=\"$(CONFIGURATION)$(EFFECTIVE_PLATFORM_NAME)\"'", );
				GCC_SYMBOLS_PRIVATE_EXTERN = NO;
				HEADER_SEARCH_PATHS = ("/Users/Hellfeld/GEANT4.10.2.p1/geant4-install/include/Geant4", /usr/local/octave/3.8.0/include, /usr/local/octave/3.8.0/include/QtCore, /usr/local/octave/3.8.0/include/QtGui, /usr/local/octave/3.8.0/include/QtOpenGL, "\"/Users/Hellfeld/Documents/School/UCB/Research/Coded Aperature/Toy_Imager/PRISM_Sim/include\"", /Users/Hellfeld/ROOT/include, );
				INSTALL_PATH = "";
				OTHER_LDFLAGS = " ";
				OTHER_REZFLAGS = "";
				PRODUCT_NAME = ALL_BUILD;
				SECTORDER_FLAGS = "";
				SYMROOT = "/Users/Hellfeld/Documents/School/UCB/Research/Coded Aperature/Toy_Imager/PRISM_Sim/xcode";
				USE_HEADERMAP = NO;
				WARNING_CFLAGS = ("-Wmost", "-Wno-four-char-constants", "-Wno-unknown-pragmas", "$(inherited)", );
			};
			name = Release;
		};
		BF5F4975B81B4B1F8942A269 /* RelWithDebInfo */ = {
			isa = XCBuildConfiguration;
			buildSettings = {
				COMBINE_HIDPI_IMAGES = YES;
				EXECUTABLE_PREFIX = "";
				EXECUTABLE_SUFFIX = "";
				GCC_GENERATE_DEBUGGING_SYMBOLS = YES;
				GCC_INLINES_ARE_PRIVATE_EXTERN = NO;
				GCC_OPTIMIZATION_LEVEL = 2;
				GCC_PREPROCESSOR_DEFINITIONS = ("'CMAKE_INTDIR=\"$(CONFIGURATION)$(EFFECTIVE_PLATFORM_NAME)\"'", G4_STORE_TRAJECTORY, G4VERBOSE, G4UI_USE, G4VIS_USE, G4UI_USE_TCSH, G4INTY_USE_XT, G4VIS_USE_RAYTRACERX, G4INTY_USE_QT, G4UI_USE_QT, G4VIS_USE_OPENGLQT, G4VIS_USE_OPENGLX, G4VIS_USE_OPENGL, );
				GCC_SYMBOLS_PRIVATE_EXTERN = NO;
				HEADER_SEARCH_PATHS = ("/Users/Hellfeld/GEANT4.10.2.p1/geant4-install/include/Geant4", /usr/local/octave/3.8.0/include, /usr/local/octave/3.8.0/include/QtCore, /usr/local/octave/3.8.0/include/QtGui, /usr/local/octave/3.8.0/include/QtOpenGL, "\"/Users/Hellfeld/Documents/School/UCB/Research/Coded Aperature/Toy_Imager/PRISM_Sim/include\"", /Users/Hellfeld/ROOT/include, );
				INSTALL_PATH = "";
				LD_RUNPATH_SEARCH_PATHS = "/Users/Hellfeld/GEANT4.10.2.p1/geant4-install/lib";
				LIBRARY_SEARCH_PATHS = "";
				OTHER_CPLUSPLUSFLAGS = " -W -Wall -pedantic -Wno-non-virtual-dtor -Wno-long-long -Wwrite-strings -Wpointer-arith -Woverloaded-virtual -Wno-variadic-macros -Wshadow -pipe -Qunused-arguments -stdlib=libc++ -DG4USE_STD11 -std=c++11                -DNDEBUG '-std=c++11'  ";
				OTHER_LDFLAGS = "  -Wl,-search_paths_first -Wl,-headerpad_max_install_names  /Users/Hellfeld/GEANT4.10.2.p1/geant4-install/lib/libG4Tree.dylib /Users/Hellfeld/GEANT4.10.2.p1/geant4-install/lib/libG4GMocren.dylib /Users/Hellfeld/GEANT4.10.2.p1/geant4-install/lib/libG4visHepRep.dylib /Users/Hellfeld/GEANT4.10.2.p1/geant4-install/lib/libG4RayTracer.dylib /Users/Hellfeld/GEANT4.10.2.p1/geant4-install/lib/libG4VRML.dylib /Users/Hellfeld/GEANT4.10.2.p1/geant4-install/lib/libG4OpenGL.dylib /Users/Hellfeld/GEANT4.10.2.p1/geant4-install/lib/libG4gl2ps.dylib /Users/Hellfeld/GEANT4.10.2.p1/geant4-install/lib/libG4interfaces.dylib /Users/Hellfeld/GEANT4.10.2.p1/geant4-install/lib/libG4persistency.dylib /Users/Hellfeld/GEANT4.10.2.p1/geant4-install/lib/libG4analysis.dylib /Users/Hellfeld/GEANT4.10.2.p1/geant4-install/lib/libG4error_propagation.dylib /Users/Hellfeld/GEANT4.10.2.p1/geant4-install/lib/libG4readout.dylib /Users/Hellfeld/GEANT4.10.2.p1/geant4-install/lib/libG4physicslists.dylib /Users/Hellfeld/GEANT4.10.2.p1/geant4-install/lib/libG4parmodels.dylib -L/Users/Hellfeld/ROOT/lib -lCore -lCint -lRIO -lNet -lHist -lGraf -lGraf3d -lGpad -lTree -lRint -lPostscript -lMatrix -lPhysics -lMathCore -lThread -lpthread -Wl,-rpath,/Users/Hellfeld/ROOT/lib -stdlib=libc++ -lm -ldl /Users/Hellfeld/GEANT4.10.2.p1/geant4-install/lib/libG4FR.dylib /Users/Hellfeld/GEANT4.10.2.p1/geant4-install/lib/libG4vis_management.dylib /Users/Hellfeld/GEANT4.10.2.p1/geant4-install/lib/libG4modeling.dylib /opt/local/lib/libX11.dylib /opt/local/lib/libXext.dylib -framework OpenGL /usr/X11R6/lib/libGL.dylib /usr/X11R6/lib/libGLU.dylib /opt/X11/lib/libXmu.dylib /usr/local/octave/3.8.0/lib/libQtOpenGL.dylib /usr/local/octave/3.8.0/lib/libQtGui.dylib /usr/local/octave/3.8.0/lib/libQtCore.dylib /Users/Hellfeld/GEANT4.10.2.p1/geant4-install/lib/libG4run.dylib /Users/Hellfeld/GEANT4.10.2.p1/geant4-install/lib/libG4event.dylib /Users/Hellfeld/GEANT4.10.2.p1/geant4-install/lib/libG4tracking.dylib /Users/Hellfeld/GEANT4.10.2.p1/geant4-install/lib/libG4processes.dylib /Users/Hellfeld/GEANT4.10.2.p1/geant4-install/lib/libG4expat.dylib /Users/Hellfeld/GEANT4.10.2.p1/geant4-install/lib/libG4zlib.dylib /Users/Hellfeld/GEANT4.10.2.p1/geant4-install/lib/libG4digits_hits.dylib /Users/Hellfeld/GEANT4.10.2.p1/geant4-install/lib/libG4track.dylib /Users/Hellfeld/GEANT4.10.2.p1/geant4-install/lib/libG4particles.dylib /Users/Hellfeld/GEANT4.10.2.p1/geant4-install/lib/libG4geometry.dylib /Users/Hellfeld/GEANT4.10.2.p1/geant4-install/lib/libG4materials.dylib /Users/Hellfeld/GEANT4.10.2.p1/geant4-install/lib/libG4graphics_reps.dylib /Users/Hellfeld/GEANT4.10.2.p1/geant4-install/lib/libG4intercoms.dylib /Users/Hellfeld/GEANT4.10.2.p1/geant4-install/lib/libG4global.dylib /Users/Hellfeld/GEANT4.10.2.p1/geant4-install/lib/libG4clhep.dylib";
				OTHER_REZFLAGS = "";
				PRODUCT_NAME = CodedAperture;
				SECTORDER_FLAGS = "";
				SYMROOT = "/Users/Hellfeld/Documents/School/UCB/Research/Coded Aperature/Toy_Imager/PRISM_Sim/xcode";
				USE_HEADERMAP = NO;
				WARNING_CFLAGS = ("-Wmost", "-Wno-four-char-constants", "-Wno-unknown-pragmas", "$(inherited)", );
			};
			name = RelWithDebInfo;
		};
		E66F82949EC044FAB4253EFD /* RelWithDebInfo */ = {
			isa = XCBuildConfiguration;
			buildSettings = {
				COMBINE_HIDPI_IMAGES = YES;
				GCC_GENERATE_DEBUGGING_SYMBOLS = YES;
				GCC_INLINES_ARE_PRIVATE_EXTERN = NO;
				GCC_OPTIMIZATION_LEVEL = 0;
				GCC_PREPROCESSOR_DEFINITIONS = ("'CMAKE_INTDIR=\"$(CONFIGURATION)$(EFFECTIVE_PLATFORM_NAME)\"'", );
				GCC_SYMBOLS_PRIVATE_EXTERN = NO;
				HEADER_SEARCH_PATHS = ("/Users/Hellfeld/GEANT4.10.2.p1/geant4-install/include/Geant4", /usr/local/octave/3.8.0/include, /usr/local/octave/3.8.0/include/QtCore, /usr/local/octave/3.8.0/include/QtGui, /usr/local/octave/3.8.0/include/QtOpenGL, "\"/Users/Hellfeld/Documents/School/UCB/Research/Coded Aperature/Toy_Imager/PRISM_Sim/include\"", /Users/Hellfeld/ROOT/include, );
				INSTALL_PATH = "";
				OTHER_LDFLAGS = " ";
				OTHER_REZFLAGS = "";
				PRODUCT_NAME = ALL_BUILD;
				SECTORDER_FLAGS = "";
				SYMROOT = "/Users/Hellfeld/Documents/School/UCB/Research/Coded Aperature/Toy_Imager/PRISM_Sim/xcode";
				USE_HEADERMAP = NO;
				WARNING_CFLAGS = ("-Wmost", "-Wno-four-char-constants", "-Wno-unknown-pragmas", "$(inherited)", );
			};
			name = RelWithDebInfo;
		};
		E8A848C843CC4FD6B3DB3B57 /* Debug */ = {
			isa = XCBuildConfiguration;
			buildSettings = {
				COMBINE_HIDPI_IMAGES = YES;
				EXECUTABLE_PREFIX = "";
				EXECUTABLE_SUFFIX = "";
				GCC_GENERATE_DEBUGGING_SYMBOLS = YES;
				GCC_INLINES_ARE_PRIVATE_EXTERN = NO;
				GCC_OPTIMIZATION_LEVEL = 0;
				GCC_PREPROCESSOR_DEFINITIONS = ("'CMAKE_INTDIR=\"$(CONFIGURATION)$(EFFECTIVE_PLATFORM_NAME)\"'", G4_STORE_TRAJECTORY, G4VERBOSE, G4UI_USE, G4VIS_USE, G4UI_USE_TCSH, G4INTY_USE_XT, G4VIS_USE_RAYTRACERX, G4INTY_USE_QT, G4UI_USE_QT, G4VIS_USE_OPENGLQT, G4VIS_USE_OPENGLX, G4VIS_USE_OPENGL, );
				GCC_SYMBOLS_PRIVATE_EXTERN = NO;
				HEADER_SEARCH_PATHS = ("/Users/Hellfeld/GEANT4.10.2.p1/geant4-install/include/Geant4", /usr/local/octave/3.8.0/include, /usr/local/octave/3.8.0/include/QtCore, /usr/local/octave/3.8.0/include/QtGui, /usr/local/octave/3.8.0/include/QtOpenGL, "\"/Users/Hellfeld/Documents/School/UCB/Research/Coded Aperature/Toy_Imager/PRISM_Sim/include\"", /Users/Hellfeld/ROOT/include, );
				INSTALL_PATH = "";
				LD_RUNPATH_SEARCH_PATHS = "/Users/Hellfeld/GEANT4.10.2.p1/geant4-install/lib";
				LIBRARY_SEARCH_PATHS = "";
				OTHER_CPLUSPLUSFLAGS = " -W -Wall -pedantic -Wno-non-virtual-dtor -Wno-long-long -Wwrite-strings -Wpointer-arith -Woverloaded-virtual -Wno-variadic-macros -Wshadow -pipe -Qunused-arguments -stdlib=libc++ -DG4USE_STD11 -std=c++11     -DG4FPE_DEBUG    '-std=c++11'  ";
				OTHER_LDFLAGS = "  -Wl,-search_paths_first -Wl,-headerpad_max_install_names  /Users/Hellfeld/GEANT4.10.2.p1/geant4-install/lib/libG4Tree.dylib /Users/Hellfeld/GEANT4.10.2.p1/geant4-install/lib/libG4GMocren.dylib /Users/Hellfeld/GEANT4.10.2.p1/geant4-install/lib/libG4visHepRep.dylib /Users/Hellfeld/GEANT4.10.2.p1/geant4-install/lib/libG4RayTracer.dylib /Users/Hellfeld/GEANT4.10.2.p1/geant4-install/lib/libG4VRML.dylib /Users/Hellfeld/GEANT4.10.2.p1/geant4-install/lib/libG4OpenGL.dylib /Users/Hellfeld/GEANT4.10.2.p1/geant4-install/lib/libG4gl2ps.dylib /Users/Hellfeld/GEANT4.10.2.p1/geant4-install/lib/libG4interfaces.dylib /Users/Hellfeld/GEANT4.10.2.p1/geant4-install/lib/libG4persistency.dylib /Users/Hellfeld/GEANT4.10.2.p1/geant4-install/lib/libG4analysis.dylib /Users/Hellfeld/GEANT4.10.2.p1/geant4-install/lib/libG4error_propagation.dylib /Users/Hellfeld/GEANT4.10.2.p1/geant4-install/lib/libG4readout.dylib /Users/Hellfeld/GEANT4.10.2.p1/geant4-install/lib/libG4physicslists.dylib /Users/Hellfeld/GEANT4.10.2.p1/geant4-install/lib/libG4parmodels.dylib -L/Users/Hellfeld/ROOT/lib -lCore -lCint -lRIO -lNet -lHist -lGraf -lGraf3d -lGpad -lTree -lRint -lPostscript -lMatrix -lPhysics -lMathCore -lThread -lpthread -Wl,-rpath,/Users/Hellfeld/ROOT/lib -stdlib=libc++ -lm -ldl /Users/Hellfeld/GEANT4.10.2.p1/geant4-install/lib/libG4FR.dylib /Users/Hellfeld/GEANT4.10.2.p1/geant4-install/lib/libG4vis_management.dylib /Users/Hellfeld/GEANT4.10.2.p1/geant4-install/lib/libG4modeling.dylib /opt/local/lib/libX11.dylib /opt/local/lib/libXext.dylib -framework OpenGL /usr/X11R6/lib/libGL.dylib /usr/X11R6/lib/libGLU.dylib /opt/X11/lib/libXmu.dylib /usr/local/octave/3.8.0/lib/libQtOpenGL.dylib /usr/local/octave/3.8.0/lib/libQtGui.dylib /usr/local/octave/3.8.0/lib/libQtCore.dylib /Users/Hellfeld/GEANT4.10.2.p1/geant4-install/lib/libG4run.dylib /Users/Hellfeld/GEANT4.10.2.p1/geant4-install/lib/libG4event.dylib /Users/Hellfeld/GEANT4.10.2.p1/geant4-install/lib/libG4tracking.dylib /Users/Hellfeld/GEANT4.10.2.p1/geant4-install/lib/libG4processes.dylib /Users/Hellfeld/GEANT4.10.2.p1/geant4-install/lib/libG4expat.dylib /Users/Hellfeld/GEANT4.10.2.p1/geant4-install/lib/libG4zlib.dylib /Users/Hellfeld/GEANT4.10.2.p1/geant4-install/lib/libG4digits_hits.dylib /Users/Hellfeld/GEANT4.10.2.p1/geant4-install/lib/libG4track.dylib /Users/Hellfeld/GEANT4.10.2.p1/geant4-install/lib/libG4particles.dylib /Users/Hellfeld/GEANT4.10.2.p1/geant4-install/lib/libG4geometry.dylib /Users/Hellfeld/GEANT4.10.2.p1/geant4-install/lib/libG4materials.dylib /Users/Hellfeld/GEANT4.10.2.p1/geant4-install/lib/libG4graphics_reps.dylib /Users/Hellfeld/GEANT4.10.2.p1/geant4-install/lib/libG4intercoms.dylib /Users/Hellfeld/GEANT4.10.2.p1/geant4-install/lib/libG4global.dylib /Users/Hellfeld/GEANT4.10.2.p1/geant4-install/lib/libG4clhep.dylib";
				OTHER_REZFLAGS = "";
				PRODUCT_NAME = CodedAperture;
				SECTORDER_FLAGS = "";
				SYMROOT = "/Users/Hellfeld/Documents/School/UCB/Research/Coded Aperature/Toy_Imager/PRISM_Sim/xcode";
				USE_HEADERMAP = NO;
				WARNING_CFLAGS = ("-Wmost", "-Wno-four-char-constants", "-Wno-unknown-pragmas", "$(inherited)", );
			};
			name = Debug;
		};
		EDF6BCEAD1624AFBAD34F105 /* MinSizeRel */ = {
			isa = XCBuildConfiguration;
			buildSettings = {
				ONLY_ACTIVE_ARCH = YES;
				SDKROOT = /Applications/Xcode.app/Contents/Developer/Platforms/MacOSX.platform/Developer/SDKs/MacOSX10.10.sdk;
				SYMROOT = "/Users/Hellfeld/Documents/School/UCB/Research/Coded Aperature/Toy_Imager/PRISM_Sim/xcode/build";
			};
			name = MinSizeRel;
		};
		EE8EFE99DFF04451B115F0D0 /* MinSizeRel */ = {
			isa = XCBuildConfiguration;
			buildSettings = {
				COMBINE_HIDPI_IMAGES = YES;
				GCC_GENERATE_DEBUGGING_SYMBOLS = YES;
				GCC_INLINES_ARE_PRIVATE_EXTERN = NO;
				GCC_OPTIMIZATION_LEVEL = 0;
				GCC_PREPROCESSOR_DEFINITIONS = ("'CMAKE_INTDIR=\"$(CONFIGURATION)$(EFFECTIVE_PLATFORM_NAME)\"'", );
				GCC_SYMBOLS_PRIVATE_EXTERN = NO;
				HEADER_SEARCH_PATHS = ("/Users/Hellfeld/GEANT4.10.2.p1/geant4-install/include/Geant4", /usr/local/octave/3.8.0/include, /usr/local/octave/3.8.0/include/QtCore, /usr/local/octave/3.8.0/include/QtGui, /usr/local/octave/3.8.0/include/QtOpenGL, "\"/Users/Hellfeld/Documents/School/UCB/Research/Coded Aperature/Toy_Imager/PRISM_Sim/include\"", /Users/Hellfeld/ROOT/include, );
				INSTALL_PATH = "";
				OTHER_LDFLAGS = " ";
				OTHER_REZFLAGS = "";
				PRODUCT_NAME = ALL_BUILD;
				SECTORDER_FLAGS = "";
				SYMROOT = "/Users/Hellfeld/Documents/School/UCB/Research/Coded Aperature/Toy_Imager/PRISM_Sim/xcode";
				USE_HEADERMAP = NO;
				WARNING_CFLAGS = ("-Wmost", "-Wno-four-char-constants", "-Wno-unknown-pragmas", "$(inherited)", );
			};
			name = MinSizeRel;
		};
		FD687E945DAB4A2185F37301 /* Release */ = {
			isa = XCBuildConfiguration;
			buildSettings = {
				COMBINE_HIDPI_IMAGES = YES;
				GCC_GENERATE_DEBUGGING_SYMBOLS = YES;
				GCC_INLINES_ARE_PRIVATE_EXTERN = NO;
				GCC_OPTIMIZATION_LEVEL = 0;
				GCC_PREPROCESSOR_DEFINITIONS = ("'CMAKE_INTDIR=\"$(CONFIGURATION)$(EFFECTIVE_PLATFORM_NAME)\"'", );
				GCC_SYMBOLS_PRIVATE_EXTERN = NO;
				HEADER_SEARCH_PATHS = ("/Users/Hellfeld/GEANT4.10.2.p1/geant4-install/include/Geant4", /usr/local/octave/3.8.0/include, /usr/local/octave/3.8.0/include/QtCore, /usr/local/octave/3.8.0/include/QtGui, /usr/local/octave/3.8.0/include/QtOpenGL, "\"/Users/Hellfeld/Documents/School/UCB/Research/Coded Aperature/Toy_Imager/PRISM_Sim/include\"", /Users/Hellfeld/ROOT/include, );
				INSTALL_PATH = "";
				OTHER_LDFLAGS = " ";
				OTHER_REZFLAGS = "";
				PRODUCT_NAME = ZERO_CHECK;
				SECTORDER_FLAGS = "";
				SYMROOT = "/Users/Hellfeld/Documents/School/UCB/Research/Coded Aperature/Toy_Imager/PRISM_Sim/xcode";
				USE_HEADERMAP = NO;
				WARNING_CFLAGS = ("-Wmost", "-Wno-four-char-constants", "-Wno-unknown-pragmas", "$(inherited)", );
			};
			name = Release;
		};
/* End XCBuildConfiguration section */

/* Begin XCConfigurationList section */
		25D67F1282FE46A69292190D /* Build configuration list for PBXProject "CodedAperture" */ = {
			isa = XCConfigurationList;
			buildConfigurations = (
				92B384284834403B8AE2F2C5 /* Debug */,
				2B8FCAE606824A128AFF2EC9 /* Release */,
				EDF6BCEAD1624AFBAD34F105 /* MinSizeRel */,
				A9CBDCD011024DDB94CAE55C /* RelWithDebInfo */,
			);
			defaultConfigurationIsVisible = 0;
			defaultConfigurationName = Debug;
		};
		2A994760CA5A486B8153ACD6 /* Build configuration list for PBXAggregateTarget "ALL_BUILD" */ = {
			isa = XCConfigurationList;
			buildConfigurations = (
				9D79D314297F4B5EB885EE2F /* Debug */,
				BE353C832FCC4321A7AE4873 /* Release */,
				EE8EFE99DFF04451B115F0D0 /* MinSizeRel */,
				E66F82949EC044FAB4253EFD /* RelWithDebInfo */,
			);
			defaultConfigurationIsVisible = 0;
			defaultConfigurationName = Debug;
		};
		3C0F041E3B424E879337A84F /* Build configuration list for PBXAggregateTarget "ZERO_CHECK" */ = {
			isa = XCConfigurationList;
			buildConfigurations = (
				AE6B1D8689924EBCACC7E563 /* Debug */,
				FD687E945DAB4A2185F37301 /* Release */,
				1BC16D3F1D2346B788CF88ED /* MinSizeRel */,
				92D9E2DBA5B44E0C9AA82AFD /* RelWithDebInfo */,
			);
			defaultConfigurationIsVisible = 0;
			defaultConfigurationName = Debug;
		};
		B9EE44B5EAA54042A49164C3 /* Build configuration list for PBXNativeTarget "CodedAperture" */ = {
			isa = XCConfigurationList;
			buildConfigurations = (
				E8A848C843CC4FD6B3DB3B57 /* Debug */,
				961309080E4A46F9AEE8664D /* Release */,
				81AA0E8879C84CAF970D707B /* MinSizeRel */,
				BF5F4975B81B4B1F8942A269 /* RelWithDebInfo */,
			);
			defaultConfigurationIsVisible = 0;
			defaultConfigurationName = Debug;
		};
/* End XCConfigurationList section */
	};
	rootObject = 5414B58A2DB745EFAC874CF9 /* Project object */;
}
